{
  "version": 4,
  "terraform_version": "1.12.1",
  "serial": 1712,
  "lineage": "2f4ef06d-0acf-6495-973b-b99a6cd59c13",
  "outputs": {
    "rds_address": {
      "value": "wordpress-database.cmpsqoa2ab8c.us-east-1.rds.amazonaws.com",
      "type": "string"
    }
  },
  "resources": [
    {
      "mode": "managed",
      "type": "aws_db_instance",
      "name": "default",
      "provider": "provider[\"registry.terraform.io/hashicorp/aws\"]",
      "instances": [
        {
          "schema_version": 2,
          "attributes": {
            "address": "wordpress-database.cmpsqoa2ab8c.us-east-1.rds.amazonaws.com",
            "allocated_storage": 10,
            "allow_major_version_upgrade": null,
            "apply_immediately": false,
            "arn": "arn:aws:rds:us-east-1:355366859850:db:wordpress-database",
            "auto_minor_version_upgrade": true,
            "availability_zone": "us-east-1b",
            "backup_retention_period": 0,
            "backup_target": "region",
            "backup_window": "08:17-08:47",
            "blue_green_update": [],
            "ca_cert_identifier": "rds-ca-rsa2048-g1",
            "character_set_name": "",
            "copy_tags_to_snapshot": false,
            "custom_iam_instance_profile": "",
            "customer_owned_ip_enabled": false,
            "database_insights_mode": "standard",
            "db_name": "wordpressdb",
            "db_subnet_group_name": "wp_db_wordpress_grp",
            "dedicated_log_volume": false,
            "delete_automated_backups": true,
            "deletion_protection": false,
            "domain": "",
            "domain_auth_secret_arn": "",
            "domain_dns_ips": null,
            "domain_fqdn": "",
            "domain_iam_role_name": "",
            "domain_ou": "",
            "enabled_cloudwatch_logs_exports": null,
            "endpoint": "wordpress-database.cmpsqoa2ab8c.us-east-1.rds.amazonaws.com:3306",
            "engine": "mysql",
            "engine_lifecycle_support": "open-source-rds-extended-support",
            "engine_version": "8.0",
            "engine_version_actual": "8.0.41",
            "final_snapshot_identifier": null,
            "hosted_zone_id": "Z2R2ITUGPM61AM",
            "iam_database_authentication_enabled": false,
            "id": "db-OQFG5LSIKZ2GQFU3FD3GAUGCDA",
            "identifier": "wordpress-database",
            "identifier_prefix": "",
            "instance_class": "db.t3.micro",
            "iops": 0,
            "kms_key_id": "",
            "latest_restorable_time": "",
            "license_model": "general-public-license",
            "listener_endpoint": [],
            "maintenance_window": "fri:07:04-fri:07:34",
            "manage_master_user_password": null,
            "master_user_secret": [],
            "master_user_secret_kms_key_id": null,
            "max_allocated_storage": 0,
            "monitoring_interval": 0,
            "monitoring_role_arn": "",
            "multi_az": false,
            "nchar_character_set_name": "",
            "network_type": "IPV4",
            "option_group_name": "default:mysql-8-0",
            "parameter_group_name": "default.mysql8.0",
            "password": "admin#123",
            "password_wo": null,
            "password_wo_version": null,
            "performance_insights_enabled": false,
            "performance_insights_kms_key_id": "",
            "performance_insights_retention_period": 0,
            "port": 3306,
            "publicly_accessible": false,
            "replica_mode": "",
            "replicas": [],
            "replicate_source_db": "",
            "resource_id": "db-OQFG5LSIKZ2GQFU3FD3GAUGCDA",
            "restore_to_point_in_time": [],
            "s3_import": [],
            "skip_final_snapshot": true,
            "snapshot_identifier": null,
            "status": "available",
            "storage_encrypted": false,
            "storage_throughput": 0,
            "storage_type": "gp2",
            "tags": null,
            "tags_all": {},
            "timeouts": null,
            "timezone": "",
            "upgrade_storage_config": null,
            "username": "admin",
            "vpc_security_group_ids": [
              "sg-0fc07ecfac5875e1f"
            ]
          },
          "sensitive_attributes": [
            [
              {
                "type": "get_attr",
                "value": "password"
              }
            ],
            [
              {
                "type": "get_attr",
                "value": "password_wo"
              }
            ]
          ],
          "identity_schema_version": 0,
          "private": "eyJlMmJmYjczMC1lY2FhLTExZTYtOGY4OC0zNDM2M2JjN2M0YzAiOnsiY3JlYXRlIjozMDAwMDAwMDAwMDAwLCJkZWxldGUiOjM2MDAwMDAwMDAwMDAsInVwZGF0ZSI6NDgwMDAwMDAwMDAwMH0sInNjaGVtYV92ZXJzaW9uIjoiMiJ9",
          "dependencies": [
            "aws_db_subnet_group.wp_db_wordpress_subnet_grp",
            "aws_security_group.mysql_rds_security_group",
            "aws_subnet.subnet_wordpress_private_01",
            "aws_subnet.subnet_wordpress_private_02",
            "aws_vpc.vpc_wordpress"
          ]
        }
      ]
    },
    {
      "mode": "managed",
      "type": "aws_db_subnet_group",
      "name": "wp_db_wordpress_subnet_grp",
      "provider": "provider[\"registry.terraform.io/hashicorp/aws\"]",
      "instances": [
        {
          "schema_version": 0,
          "attributes": {
            "arn": "arn:aws:rds:us-east-1:355366859850:subgrp:wp_db_wordpress_grp",
            "description": "Managed by Terraform",
            "id": "wp_db_wordpress_grp",
            "name": "wp_db_wordpress_grp",
            "name_prefix": "",
            "subnet_ids": [
              "subnet-0b68f73760125630a",
              "subnet-0e0de61bf2f9e77a5"
            ],
            "supported_network_types": [
              "IPV4"
            ],
            "tags": {
              "Name": "rds_subnets_group"
            },
            "tags_all": {
              "Name": "rds_subnets_group"
            },
            "vpc_id": "vpc-0ff103808a5ecfd3f"
          },
          "sensitive_attributes": [],
          "identity_schema_version": 0,
          "private": "bnVsbA==",
          "dependencies": [
            "aws_subnet.subnet_wordpress_private_01",
            "aws_subnet.subnet_wordpress_private_02",
            "aws_vpc.vpc_wordpress"
          ]
        }
      ]
    },
    {
      "mode": "managed",
      "type": "aws_iam_instance_profile",
      "name": "ec2_instance_profile",
      "provider": "provider[\"registry.terraform.io/hashicorp/aws\"]",
      "instances": [
        {
          "schema_version": 0,
          "attributes": {
            "arn": "arn:aws:iam::355366859850:instance-profile/ec2_instance_profile",
            "create_date": "2025-06-10T00:11:16Z",
            "id": "ec2_instance_profile",
            "name": "ec2_instance_profile",
            "name_prefix": "",
            "path": "/",
            "role": "002-ec2-s3-read",
            "tags": null,
            "tags_all": {},
            "unique_id": "AIPAVFPMD6RFKSY6PEX6Z"
          },
          "sensitive_attributes": [],
          "identity_schema_version": 0,
          "private": "bnVsbA==",
          "dependencies": [
            "aws_iam_role.ec2-s3-read"
          ]
        }
      ]
    },
    {
      "mode": "managed",
      "type": "aws_iam_role",
      "name": "ec2-s3-read",
      "provider": "provider[\"registry.terraform.io/hashicorp/aws\"]",
      "instances": [
        {
          "schema_version": 0,
          "attributes": {
            "arn": "arn:aws:iam::355366859850:role/002-ec2-s3-read",
            "assume_role_policy": "{\"Statement\":[{\"Action\":\"sts:AssumeRole\",\"Effect\":\"Allow\",\"Principal\":{\"Service\":\"ec2.amazonaws.com\"}}],\"Version\":\"2012-10-17\"}",
            "create_date": "2025-06-10T00:11:15Z",
            "description": "",
            "force_detach_policies": false,
            "id": "002-ec2-s3-read",
            "inline_policy": [],
            "managed_policy_arns": [],
            "max_session_duration": 3600,
            "name": "002-ec2-s3-read",
            "name_prefix": "",
            "path": "/",
            "permissions_boundary": "",
            "tags": null,
            "tags_all": {},
            "unique_id": "AROAVFPMD6RFI3DUCOOWQ"
          },
          "sensitive_attributes": [],
          "identity_schema_version": 0,
          "private": "bnVsbA=="
        }
      ]
    },
    {
      "mode": "managed",
      "type": "aws_iam_role_policy_attachment",
      "name": "ec2_s3_read_policy_attach",
      "provider": "provider[\"registry.terraform.io/hashicorp/aws\"]",
      "instances": [
        {
          "schema_version": 0,
          "attributes": {
            "id": "002-ec2-s3-read-20250610001515489800000001",
            "policy_arn": "arn:aws:iam::aws:policy/AmazonS3ReadOnlyAccess",
            "role": "002-ec2-s3-read"
          },
          "sensitive_attributes": [],
          "identity_schema_version": 0,
          "private": "bnVsbA==",
          "dependencies": [
            "aws_iam_role.ec2-s3-read"
          ]
        }
      ]
    },
    {
      "mode": "managed",
      "type": "aws_instance",
      "name": "ec2_wordpress",
      "provider": "provider[\"registry.terraform.io/hashicorp/aws\"]",
      "instances": [
        {
          "schema_version": 1,
          "attributes": {
            "ami": "ami-0f9de6e2d2f067fca",
            "arn": "arn:aws:ec2:us-east-1:355366859850:instance/i-00092d7d4bf877438",
            "associate_public_ip_address": true,
            "availability_zone": "us-east-1a",
            "capacity_reservation_specification": [
              {
                "capacity_reservation_preference": "open",
                "capacity_reservation_target": []
              }
            ],
            "cpu_core_count": 1,
            "cpu_options": [
              {
                "amd_sev_snp": "",
                "core_count": 1,
                "threads_per_core": 1
              }
            ],
            "cpu_threads_per_core": 1,
            "credit_specification": [
              {
                "cpu_credits": "standard"
              }
            ],
            "disable_api_stop": false,
            "disable_api_termination": false,
            "ebs_block_device": [],
            "ebs_optimized": false,
            "enable_primary_ipv6": null,
            "enclave_options": [
              {
                "enabled": false
              }
            ],
            "ephemeral_block_device": [],
            "get_password_data": false,
            "hibernation": false,
            "host_id": "",
            "host_resource_group_arn": null,
            "iam_instance_profile": "ec2_instance_profile",
            "id": "i-00092d7d4bf877438",
            "instance_initiated_shutdown_behavior": "stop",
            "instance_lifecycle": "",
            "instance_market_options": [],
            "instance_state": "running",
            "instance_type": "t2.micro",
            "ipv6_address_count": 0,
            "ipv6_addresses": [],
            "key_name": "key_wordpress",
            "launch_template": [],
            "maintenance_options": [
              {
                "auto_recovery": "default"
              }
            ],
            "metadata_options": [
              {
                "http_endpoint": "enabled",
                "http_protocol_ipv6": "disabled",
                "http_put_response_hop_limit": 1,
                "http_tokens": "optional",
                "instance_metadata_tags": "disabled"
              }
            ],
            "monitoring": false,
            "network_interface": [],
            "outpost_arn": "",
            "password_data": "",
            "placement_group": "",
            "placement_partition_number": 0,
            "primary_network_interface_id": "eni-006cd8f6468bed07c",
            "private_dns": "ip-10-0-1-133.ec2.internal",
            "private_dns_name_options": [
              {
                "enable_resource_name_dns_a_record": false,
                "enable_resource_name_dns_aaaa_record": false,
                "hostname_type": "ip-name"
              }
            ],
            "private_ip": "10.0.1.133",
            "public_dns": "ec2-13-220-139-203.compute-1.amazonaws.com",
            "public_ip": "13.220.139.203",
            "root_block_device": [
              {
                "delete_on_termination": true,
                "device_name": "/dev/sda1",
                "encrypted": false,
                "iops": 100,
                "kms_key_id": "",
                "tags": {},
                "tags_all": {},
                "throughput": 0,
                "volume_id": "vol-096f54454c611d595",
                "volume_size": 8,
                "volume_type": "gp2"
              }
            ],
            "secondary_private_ips": [],
            "security_groups": [
              "sg-0a57a666d214b0747"
            ],
            "source_dest_check": true,
            "spot_instance_request_id": "",
            "subnet_id": "subnet-02933cb247ec5929e",
            "tags": {
              "Name": "EC2_WordPress",
              "OS": "Ubuntu 22.04"
            },
            "tags_all": {
              "Name": "EC2_WordPress",
              "OS": "Ubuntu 22.04"
            },
            "tenancy": "default",
            "timeouts": null,
            "user_data": "fe322de180ea0d623c190a3e0bf174c0d5580e08",
            "user_data_base64": null,
            "user_data_replace_on_change": false,
            "volume_tags": null,
            "vpc_security_group_ids": [
              "sg-0a57a666d214b0747"
            ]
          },
          "sensitive_attributes": [],
          "identity_schema_version": 0,
          "private": "eyJlMmJmYjczMC1lY2FhLTExZTYtOGY4OC0zNDM2M2JjN2M0YzAiOnsiY3JlYXRlIjo2MDAwMDAwMDAwMDAsImRlbGV0ZSI6MTIwMDAwMDAwMDAwMCwicmVhZCI6OTAwMDAwMDAwMDAwLCJ1cGRhdGUiOjYwMDAwMDAwMDAwMH0sInNjaGVtYV92ZXJzaW9uIjoiMSJ9",
          "dependencies": [
            "aws_db_instance.default",
            "aws_db_subnet_group.wp_db_wordpress_subnet_grp",
            "aws_iam_instance_profile.ec2_instance_profile",
            "aws_iam_role.ec2-s3-read",
            "aws_key_pair.key_wordpress",
            "aws_security_group.mysql_rds_security_group",
            "aws_security_group.sg_wordpress",
            "aws_subnet.subnet_wordpress_private_01",
            "aws_subnet.subnet_wordpress_private_02",
            "aws_subnet.subnet_wordpress_public_01",
            "aws_vpc.vpc_wordpress"
          ]
        }
      ]
    },
    {
      "mode": "managed",
      "type": "aws_internet_gateway",
      "name": "igw_wordpress",
      "provider": "provider[\"registry.terraform.io/hashicorp/aws\"]",
      "instances": [
        {
          "schema_version": 0,
          "attributes": {
            "arn": "arn:aws:ec2:us-east-1:355366859850:internet-gateway/igw-05dc93d408101d965",
            "id": "igw-05dc93d408101d965",
            "owner_id": "355366859850",
            "tags": {
              "Name": "IGW WordPress"
            },
            "tags_all": {
              "Name": "IGW WordPress"
            },
            "timeouts": null,
            "vpc_id": "vpc-0ff103808a5ecfd3f"
          },
          "sensitive_attributes": [],
          "identity_schema_version": 0,
          "private": "eyJlMmJmYjczMC1lY2FhLTExZTYtOGY4OC0zNDM2M2JjN2M0YzAiOnsiY3JlYXRlIjoxMjAwMDAwMDAwMDAwLCJkZWxldGUiOjEyMDAwMDAwMDAwMDAsInVwZGF0ZSI6MTIwMDAwMDAwMDAwMH19",
          "dependencies": [
            "aws_vpc.vpc_wordpress"
          ]
        }
      ]
    },
    {
      "mode": "managed",
      "type": "aws_key_pair",
      "name": "key_wordpress",
      "provider": "provider[\"registry.terraform.io/hashicorp/aws\"]",
      "instances": [
        {
          "schema_version": 1,
          "attributes": {
            "arn": "arn:aws:ec2:us-east-1:355366859850:key-pair/key_wordpress",
            "fingerprint": "ec:b6:b2:12:94:7f:6b:2c:d8:6b:9a:26:ce:c4:e2:44",
            "id": "key_wordpress",
            "key_name": "key_wordpress",
            "key_name_prefix": "",
            "key_pair_id": "key-0e3af585a435d1998",
            "key_type": "rsa",
            "public_key": "ssh-rsa AAAAB3NzaC1yc2EAAAADAQABAAACAQCchfKKtbc9k4YcyHHX2PEkt10G4HlYQ0FkdkUBIUlTijXktdoVTfVEPZJLXiN5tboxS4LjUD2NaLbp0L3z8MjlyhqF4YD+Lui+gG8M6lKLrqbjguPePM39wcmFmGu2S/yQTfKLlMrpKszeBwxcDh1tE1ZXHxxphWurhqXp5Kfq1BrdE6gmWl49AfV9mixVHparlGXvDf8Sz1qAKSv0SuMDxTbMfxLUCakIO+u6b6z0sT7Gpp+G3Yv6T0lp0D48oXHwNpQaikyFa07T2RnHCkf67IdiCuhxfekEpzX3d7zb2xY6Hf+H2ZSLbujOQqa5TbxxAHCyXOEpPvBXS+UIa8qUYb796UWOyxVSyf1c20ItrExq/+rSVvhenQLfr6db5C7IQUU4VdfhlTbmAZ0Xue6zY7iMGX3ZaOc1fj4hRQT9E3cjmd50qKXpTVddIimTPXMTqEPTJKxdugdFNBy74nZUqn6ZNtdFeH6xCChJdHcoIIL3S71SLy5fqwWff1C4C05VzYOWoRpE6+vYXBSStBkkYTWa4y5CdkFNR5RYOGphckc3TZGcsZTEUokZKigHCOZSJxeB2nBoYiIwb8a9fRry3AIgPdV6f3tPWG0e0DrAExZxEB1R2iT6c3Vk0JqMgAej76LObJFmeCho8V34aHninClpoovi03i94eFAGT9lYw== lcfrod@lcfrod-IdeaPad",
            "tags": {
              "Name": "WordPress Key Pair"
            },
            "tags_all": {
              "Name": "WordPress Key Pair"
            }
          },
          "sensitive_attributes": [],
          "identity_schema_version": 0,
          "private": "eyJzY2hlbWFfdmVyc2lvbiI6IjEifQ=="
        }
      ]
    },
    {
      "mode": "managed",
      "type": "aws_lb",
      "name": "lb_wordpress_internet_facing",
      "provider": "provider[\"registry.terraform.io/hashicorp/aws\"]",
      "instances": [
        {
          "schema_version": 0,
          "attributes": {
            "access_logs": [
              {
                "bucket": "",
                "enabled": false,
                "prefix": ""
              }
            ],
            "arn": "arn:aws:elasticloadbalancing:us-east-1:355366859850:loadbalancer/app/lb-wordpress-internet-facing/257494c3e893f9ca",
            "arn_suffix": "app/lb-wordpress-internet-facing/257494c3e893f9ca",
            "client_keep_alive": 3600,
            "connection_logs": [
              {
                "bucket": "",
                "enabled": false,
                "prefix": ""
              }
            ],
            "customer_owned_ipv4_pool": "",
            "desync_mitigation_mode": "defensive",
            "dns_name": "lb-wordpress-internet-facing-1544002500.us-east-1.elb.amazonaws.com",
            "dns_record_client_routing_policy": null,
            "drop_invalid_header_fields": false,
            "enable_cross_zone_load_balancing": true,
            "enable_deletion_protection": false,
            "enable_http2": true,
            "enable_tls_version_and_cipher_suite_headers": false,
            "enable_waf_fail_open": false,
            "enable_xff_client_port": false,
            "enable_zonal_shift": false,
            "enforce_security_group_inbound_rules_on_private_link_traffic": "",
            "id": "arn:aws:elasticloadbalancing:us-east-1:355366859850:loadbalancer/app/lb-wordpress-internet-facing/257494c3e893f9ca",
            "idle_timeout": 60,
            "internal": false,
            "ip_address_type": "ipv4",
            "ipam_pools": [],
            "load_balancer_type": "application",
            "minimum_load_balancer_capacity": [],
            "name": "lb-wordpress-internet-facing",
            "name_prefix": "",
            "preserve_host_header": false,
            "security_groups": [
              "sg-0a57a666d214b0747"
            ],
            "subnet_mapping": [
              {
                "allocation_id": "",
                "ipv6_address": "",
                "outpost_id": "",
                "private_ipv4_address": "",
                "subnet_id": "subnet-02933cb247ec5929e"
              },
              {
                "allocation_id": "",
                "ipv6_address": "",
                "outpost_id": "",
                "private_ipv4_address": "",
                "subnet_id": "subnet-03254d55248aed7c7"
              }
            ],
            "subnets": [
              "subnet-02933cb247ec5929e",
              "subnet-03254d55248aed7c7"
            ],
            "tags": null,
            "tags_all": {},
            "timeouts": null,
            "vpc_id": "vpc-0ff103808a5ecfd3f",
            "xff_header_processing_mode": "append",
            "zone_id": "Z35SXDOTRQ7X7K"
          },
          "sensitive_attributes": [],
          "identity_schema_version": 0,
          "private": "eyJlMmJmYjczMC1lY2FhLTExZTYtOGY4OC0zNDM2M2JjN2M0YzAiOnsiY3JlYXRlIjo2MDAwMDAwMDAwMDAsImRlbGV0ZSI6NjAwMDAwMDAwMDAwLCJ1cGRhdGUiOjYwMDAwMDAwMDAwMH19",
          "dependencies": [
            "aws_security_group.sg_wordpress",
            "aws_subnet.subnet_wordpress_public_01",
            "aws_subnet.subnet_wordpress_public_02",
            "aws_vpc.vpc_wordpress"
          ]
        }
      ]
    },
    {
      "mode": "managed",
      "type": "aws_network_acl",
      "name": "acl_wordpress_private",
      "provider": "provider[\"registry.terraform.io/hashicorp/aws\"]",
      "instances": [
        {
          "schema_version": 0,
          "attributes": {
            "arn": "arn:aws:ec2:us-east-1:355366859850:network-acl/acl-08d4506c7ff65fac5",
            "egress": [
              {
                "action": "allow",
                "cidr_block": "0.0.0.0/0",
                "from_port": 1024,
                "icmp_code": null,
                "icmp_type": null,
                "ipv6_cidr_block": "",
                "protocol": "tcp",
                "rule_no": 300,
                "to_port": 65535
              }
            ],
            "id": "acl-08d4506c7ff65fac5",
            "ingress": [
              {
                "action": "allow",
                "cidr_block": "0.0.0.0/0",
                "from_port": 1024,
                "icmp_code": null,
                "icmp_type": null,
                "ipv6_cidr_block": "",
                "protocol": "tcp",
                "rule_no": 200,
                "to_port": 65535
              },
              {
                "action": "allow",
                "cidr_block": "0.0.0.0/0",
                "from_port": 3306,
                "icmp_code": null,
                "icmp_type": null,
                "ipv6_cidr_block": "",
                "protocol": "tcp",
                "rule_no": 100,
                "to_port": 3306
              }
            ],
            "owner_id": "355366859850",
            "subnet_ids": [
              "subnet-02933cb247ec5929e",
              "subnet-03254d55248aed7c7"
            ],
            "tags": {
              "Name": "acl_wordpress_private"
            },
            "tags_all": {
              "Name": "acl_wordpress_private"
            },
            "vpc_id": "vpc-0ff103808a5ecfd3f"
          },
          "sensitive_attributes": [],
          "identity_schema_version": 0,
          "private": "bnVsbA==",
          "dependencies": [
            "aws_subnet.subnet_wordpress_public_01",
            "aws_subnet.subnet_wordpress_public_02",
            "aws_vpc.vpc_wordpress"
          ]
        }
      ]
    },
    {
      "mode": "managed",
      "type": "aws_network_acl",
      "name": "acl_wordpress_public",
      "provider": "provider[\"registry.terraform.io/hashicorp/aws\"]",
      "instances": [
        {
          "schema_version": 0,
          "attributes": {
            "arn": "arn:aws:ec2:us-east-1:355366859850:network-acl/acl-0bb2a0a35a033316e",
            "egress": [
              {
                "action": "allow",
                "cidr_block": "0.0.0.0/0",
                "from_port": 0,
                "icmp_code": null,
                "icmp_type": null,
                "ipv6_cidr_block": "",
                "protocol": "all",
                "rule_no": 100,
                "to_port": 0
              },
              {
                "action": "allow",
                "cidr_block": "0.0.0.0/0",
                "from_port": 1024,
                "icmp_code": null,
                "icmp_type": null,
                "ipv6_cidr_block": "",
                "protocol": "tcp",
                "rule_no": 300,
                "to_port": 65535
              }
            ],
            "id": "acl-0bb2a0a35a033316e",
            "ingress": [
              {
                "action": "allow",
                "cidr_block": "0.0.0.0/0",
                "from_port": 1024,
                "icmp_code": null,
                "icmp_type": null,
                "ipv6_cidr_block": "",
                "protocol": "tcp",
                "rule_no": 300,
                "to_port": 65535
              },
              {
                "action": "allow",
                "cidr_block": "0.0.0.0/0",
                "from_port": 22,
                "icmp_code": null,
                "icmp_type": null,
                "ipv6_cidr_block": "",
                "protocol": "tcp",
                "rule_no": 100,
                "to_port": 22
              },
              {
                "action": "allow",
                "cidr_block": "0.0.0.0/0",
                "from_port": 443,
                "icmp_code": null,
                "icmp_type": null,
                "ipv6_cidr_block": "",
                "protocol": "tcp",
                "rule_no": 120,
                "to_port": 443
              },
              {
                "action": "allow",
                "cidr_block": "0.0.0.0/0",
                "from_port": 80,
                "icmp_code": null,
                "icmp_type": null,
                "ipv6_cidr_block": "",
                "protocol": "tcp",
                "rule_no": 110,
                "to_port": 80
              }
            ],
            "owner_id": "355366859850",
            "subnet_ids": [
              "subnet-02933cb247ec5929e",
              "subnet-03254d55248aed7c7"
            ],
            "tags": {
              "Name": "acl_wordpress_public"
            },
            "tags_all": {
              "Name": "acl_wordpress_public"
            },
            "vpc_id": "vpc-0ff103808a5ecfd3f"
          },
          "sensitive_attributes": [],
          "identity_schema_version": 0,
          "private": "bnVsbA==",
          "dependencies": [
            "aws_subnet.subnet_wordpress_public_01",
            "aws_subnet.subnet_wordpress_public_02",
            "aws_vpc.vpc_wordpress"
          ]
        }
      ]
    },
    {
      "mode": "managed",
      "type": "aws_route",
      "name": "route_default_public_subnet_01",
      "provider": "provider[\"registry.terraform.io/hashicorp/aws\"]",
      "instances": [
        {
          "schema_version": 0,
          "attributes": {
            "carrier_gateway_id": "",
            "core_network_arn": "",
            "destination_cidr_block": "0.0.0.0/0",
            "destination_ipv6_cidr_block": "",
            "destination_prefix_list_id": "",
            "egress_only_gateway_id": "",
            "gateway_id": "igw-05dc93d408101d965",
            "id": "r-rtb-04942873ea33c56e41080289494",
            "instance_id": "",
            "instance_owner_id": "",
            "local_gateway_id": "",
            "nat_gateway_id": "",
            "network_interface_id": "",
            "origin": "CreateRoute",
            "route_table_id": "rtb-04942873ea33c56e4",
            "state": "active",
            "timeouts": null,
            "transit_gateway_id": "",
            "vpc_endpoint_id": "",
            "vpc_peering_connection_id": ""
          },
          "sensitive_attributes": [],
          "identity_schema_version": 0,
          "private": "eyJlMmJmYjczMC1lY2FhLTExZTYtOGY4OC0zNDM2M2JjN2M0YzAiOnsiY3JlYXRlIjozMDAwMDAwMDAwMDAsImRlbGV0ZSI6MzAwMDAwMDAwMDAwLCJ1cGRhdGUiOjEyMDAwMDAwMDAwMH19",
          "dependencies": [
            "aws_internet_gateway.igw_wordpress",
            "aws_route_table.rt_wordpress_public",
            "aws_vpc.vpc_wordpress"
          ]
        }
      ]
    },
    {
      "mode": "managed",
      "type": "aws_route",
      "name": "route_default_public_subnet_02",
      "provider": "provider[\"registry.terraform.io/hashicorp/aws\"]",
      "instances": [
        {
          "schema_version": 0,
          "attributes": {
            "carrier_gateway_id": "",
            "core_network_arn": "",
            "destination_cidr_block": "0.0.0.0/0",
            "destination_ipv6_cidr_block": "",
            "destination_prefix_list_id": "",
            "egress_only_gateway_id": "",
            "gateway_id": "igw-05dc93d408101d965",
            "id": "r-rtb-04942873ea33c56e41080289494",
            "instance_id": "",
            "instance_owner_id": "",
            "local_gateway_id": "",
            "nat_gateway_id": "",
            "network_interface_id": "",
            "origin": "CreateRoute",
            "route_table_id": "rtb-04942873ea33c56e4",
            "state": "active",
            "timeouts": null,
            "transit_gateway_id": "",
            "vpc_endpoint_id": "",
            "vpc_peering_connection_id": ""
          },
          "sensitive_attributes": [],
          "identity_schema_version": 0,
          "private": "eyJlMmJmYjczMC1lY2FhLTExZTYtOGY4OC0zNDM2M2JjN2M0YzAiOnsiY3JlYXRlIjozMDAwMDAwMDAwMDAsImRlbGV0ZSI6MzAwMDAwMDAwMDAwLCJ1cGRhdGUiOjEyMDAwMDAwMDAwMH19",
          "dependencies": [
            "aws_internet_gateway.igw_wordpress",
            "aws_route_table.rt_wordpress_public",
            "aws_vpc.vpc_wordpress"
          ]
        }
      ]
    },
    {
      "mode": "managed",
      "type": "aws_route_table",
      "name": "rt_wordpress_private",
      "provider": "provider[\"registry.terraform.io/hashicorp/aws\"]",
      "instances": [
        {
          "schema_version": 0,
          "attributes": {
            "arn": "arn:aws:ec2:us-east-1:355366859850:route-table/rtb-001abb2476983c125",
            "id": "rtb-001abb2476983c125",
            "owner_id": "355366859850",
            "propagating_vgws": [],
            "route": [],
            "tags": {
              "Name": "rt_wordpress_private"
            },
            "tags_all": {
              "Name": "rt_wordpress_private"
            },
            "timeouts": null,
            "vpc_id": "vpc-0ff103808a5ecfd3f"
          },
          "sensitive_attributes": [],
          "identity_schema_version": 0,
          "private": "eyJlMmJmYjczMC1lY2FhLTExZTYtOGY4OC0zNDM2M2JjN2M0YzAiOnsiY3JlYXRlIjozMDAwMDAwMDAwMDAsImRlbGV0ZSI6MzAwMDAwMDAwMDAwLCJ1cGRhdGUiOjEyMDAwMDAwMDAwMH19",
          "dependencies": [
            "aws_vpc.vpc_wordpress"
          ]
        }
      ]
    },
    {
      "mode": "managed",
      "type": "aws_route_table",
      "name": "rt_wordpress_public",
      "provider": "provider[\"registry.terraform.io/hashicorp/aws\"]",
      "instances": [
        {
          "schema_version": 0,
          "attributes": {
            "arn": "arn:aws:ec2:us-east-1:355366859850:route-table/rtb-04942873ea33c56e4",
            "id": "rtb-04942873ea33c56e4",
            "owner_id": "355366859850",
            "propagating_vgws": [],
            "route": [],
            "tags": {
              "Name": "rt_wordpress_public"
            },
            "tags_all": {
              "Name": "rt_wordpress_public"
            },
            "timeouts": null,
            "vpc_id": "vpc-0ff103808a5ecfd3f"
          },
          "sensitive_attributes": [],
          "identity_schema_version": 0,
          "private": "eyJlMmJmYjczMC1lY2FhLTExZTYtOGY4OC0zNDM2M2JjN2M0YzAiOnsiY3JlYXRlIjozMDAwMDAwMDAwMDAsImRlbGV0ZSI6MzAwMDAwMDAwMDAwLCJ1cGRhdGUiOjEyMDAwMDAwMDAwMH19",
          "dependencies": [
            "aws_vpc.vpc_wordpress"
          ]
        }
      ]
    },
    {
      "mode": "managed",
      "type": "aws_route_table_association",
      "name": "rt_assoc_wordpress_private_01",
      "provider": "provider[\"registry.terraform.io/hashicorp/aws\"]",
      "instances": [
        {
          "schema_version": 0,
          "attributes": {
            "gateway_id": "",
            "id": "rtbassoc-02656c45f2a4ed892",
            "route_table_id": "rtb-001abb2476983c125",
            "subnet_id": "subnet-0b68f73760125630a",
            "timeouts": null
          },
          "sensitive_attributes": [],
          "identity_schema_version": 0,
          "private": "eyJlMmJmYjczMC1lY2FhLTExZTYtOGY4OC0zNDM2M2JjN2M0YzAiOnsiY3JlYXRlIjozMDAwMDAwMDAwMDAsImRlbGV0ZSI6MzAwMDAwMDAwMDAwLCJ1cGRhdGUiOjEyMDAwMDAwMDAwMH19",
          "dependencies": [
            "aws_route_table.rt_wordpress_private",
            "aws_subnet.subnet_wordpress_private_01",
            "aws_vpc.vpc_wordpress"
          ]
        }
      ]
    },
    {
      "mode": "managed",
      "type": "aws_route_table_association",
      "name": "rt_assoc_wordpress_private_02",
      "provider": "provider[\"registry.terraform.io/hashicorp/aws\"]",
      "instances": [
        {
          "schema_version": 0,
          "attributes": {
            "gateway_id": "",
            "id": "rtbassoc-0122a39b3fd05dc4f",
            "route_table_id": "rtb-001abb2476983c125",
            "subnet_id": "subnet-0e0de61bf2f9e77a5",
            "timeouts": null
          },
          "sensitive_attributes": [],
          "identity_schema_version": 0,
          "private": "eyJlMmJmYjczMC1lY2FhLTExZTYtOGY4OC0zNDM2M2JjN2M0YzAiOnsiY3JlYXRlIjozMDAwMDAwMDAwMDAsImRlbGV0ZSI6MzAwMDAwMDAwMDAwLCJ1cGRhdGUiOjEyMDAwMDAwMDAwMH19",
          "dependencies": [
            "aws_route_table.rt_wordpress_private",
            "aws_subnet.subnet_wordpress_private_02",
            "aws_vpc.vpc_wordpress"
          ]
        }
      ]
    },
    {
      "mode": "managed",
      "type": "aws_route_table_association",
      "name": "rt_assoc_wordpress_public_01",
      "provider": "provider[\"registry.terraform.io/hashicorp/aws\"]",
      "instances": [
        {
          "schema_version": 0,
          "attributes": {
            "gateway_id": "",
            "id": "rtbassoc-0c7b5025de2aceebe",
            "route_table_id": "rtb-04942873ea33c56e4",
            "subnet_id": "subnet-02933cb247ec5929e",
            "timeouts": null
          },
          "sensitive_attributes": [],
          "identity_schema_version": 0,
          "private": "eyJlMmJmYjczMC1lY2FhLTExZTYtOGY4OC0zNDM2M2JjN2M0YzAiOnsiY3JlYXRlIjozMDAwMDAwMDAwMDAsImRlbGV0ZSI6MzAwMDAwMDAwMDAwLCJ1cGRhdGUiOjEyMDAwMDAwMDAwMH19",
          "dependencies": [
            "aws_route_table.rt_wordpress_public",
            "aws_subnet.subnet_wordpress_public_01",
            "aws_vpc.vpc_wordpress"
          ]
        }
      ]
    },
    {
      "mode": "managed",
      "type": "aws_route_table_association",
      "name": "rt_assoc_wordpress_public_02",
      "provider": "provider[\"registry.terraform.io/hashicorp/aws\"]",
      "instances": [
        {
          "schema_version": 0,
          "attributes": {
            "gateway_id": "",
            "id": "rtbassoc-05739e027b0b173e5",
            "route_table_id": "rtb-04942873ea33c56e4",
            "subnet_id": "subnet-03254d55248aed7c7",
            "timeouts": null
          },
          "sensitive_attributes": [],
          "identity_schema_version": 0,
          "private": "eyJlMmJmYjczMC1lY2FhLTExZTYtOGY4OC0zNDM2M2JjN2M0YzAiOnsiY3JlYXRlIjozMDAwMDAwMDAwMDAsImRlbGV0ZSI6MzAwMDAwMDAwMDAwLCJ1cGRhdGUiOjEyMDAwMDAwMDAwMH19",
          "dependencies": [
            "aws_route_table.rt_wordpress_public",
            "aws_subnet.subnet_wordpress_public_02",
            "aws_vpc.vpc_wordpress"
          ]
        }
      ]
    },
    {
      "mode": "managed",
      "type": "aws_security_group",
      "name": "mysql_rds_security_group",
      "provider": "provider[\"registry.terraform.io/hashicorp/aws\"]",
      "instances": [
        {
          "schema_version": 1,
          "attributes": {
            "arn": "arn:aws:ec2:us-east-1:355366859850:security-group/sg-0fc07ecfac5875e1f",
            "description": "Security Group for RDS MySql",
            "egress": [],
            "id": "sg-0fc07ecfac5875e1f",
            "ingress": [],
            "name": "mysql_rds_security_group",
            "name_prefix": "",
            "owner_id": "355366859850",
            "revoke_rules_on_delete": false,
            "tags": {
              "Name": "RDS_security_group"
            },
            "tags_all": {
              "Name": "RDS_security_group"
            },
            "timeouts": null,
            "vpc_id": "vpc-0ff103808a5ecfd3f"
          },
          "sensitive_attributes": [],
          "identity_schema_version": 0,
          "private": "eyJlMmJmYjczMC1lY2FhLTExZTYtOGY4OC0zNDM2M2JjN2M0YzAiOnsiY3JlYXRlIjo2MDAwMDAwMDAwMDAsImRlbGV0ZSI6OTAwMDAwMDAwMDAwfSwic2NoZW1hX3ZlcnNpb24iOiIxIn0=",
          "dependencies": [
            "aws_vpc.vpc_wordpress"
          ]
        }
      ]
    },
    {
      "mode": "managed",
      "type": "aws_security_group",
      "name": "sg_wordpress",
      "provider": "provider[\"registry.terraform.io/hashicorp/aws\"]",
      "instances": [
        {
          "schema_version": 1,
          "attributes": {
            "arn": "arn:aws:ec2:us-east-1:355366859850:security-group/sg-0a57a666d214b0747",
            "description": "Security Group for WordPress Project",
            "egress": [
              {
                "cidr_blocks": [
                  "0.0.0.0/0"
                ],
                "description": "Liberate all Outbound",
                "from_port": 0,
                "ipv6_cidr_blocks": [],
                "prefix_list_ids": [],
                "protocol": "-1",
                "security_groups": [],
                "self": false,
                "to_port": 0
              }
            ],
            "id": "sg-0a57a666d214b0747",
            "ingress": [
              {
                "cidr_blocks": [
                  "0.0.0.0/0"
                ],
                "description": "Allow ping ",
                "from_port": 8,
                "ipv6_cidr_blocks": [],
                "prefix_list_ids": [],
                "protocol": "icmp",
                "security_groups": [],
                "self": false,
                "to_port": 8
              },
              {
                "cidr_blocks": [
                  "0.0.0.0/0"
                ],
                "description": "Liberate Inboud HTTP",
                "from_port": 80,
                "ipv6_cidr_blocks": [],
                "prefix_list_ids": [],
                "protocol": "tcp",
                "security_groups": [],
                "self": false,
                "to_port": 80
              },
              {
                "cidr_blocks": [
                  "0.0.0.0/0"
                ],
                "description": "Liberate Inboud SSH",
                "from_port": 22,
                "ipv6_cidr_blocks": [],
                "prefix_list_ids": [],
                "protocol": "tcp",
                "security_groups": [],
                "self": false,
                "to_port": 22
              },
              {
                "cidr_blocks": [
                  "0.0.0.0/0"
                ],
                "description": "Liberate Inbound HTTPS",
                "from_port": 443,
                "ipv6_cidr_blocks": [],
                "prefix_list_ids": [],
                "protocol": "tcp",
                "security_groups": [],
                "self": false,
                "to_port": 443
              },
              {
                "cidr_blocks": [
                  "0.0.0.0/0"
                ],
                "description": "RDS MYSQL",
                "from_port": 3306,
                "ipv6_cidr_blocks": [],
                "prefix_list_ids": [],
                "protocol": "tcp",
                "security_groups": [],
                "self": false,
                "to_port": 3306
              }
            ],
            "name": "sg_wordpress20250610001527457600000004",
            "name_prefix": "sg_wordpress",
            "owner_id": "355366859850",
            "revoke_rules_on_delete": false,
            "tags": {
              "Name": "EC2_security_group"
            },
            "tags_all": {
              "Name": "EC2_security_group"
            },
            "timeouts": null,
            "vpc_id": "vpc-0ff103808a5ecfd3f"
          },
          "sensitive_attributes": [],
          "identity_schema_version": 0,
          "private": "eyJlMmJmYjczMC1lY2FhLTExZTYtOGY4OC0zNDM2M2JjN2M0YzAiOnsiY3JlYXRlIjo2MDAwMDAwMDAwMDAsImRlbGV0ZSI6OTAwMDAwMDAwMDAwfSwic2NoZW1hX3ZlcnNpb24iOiIxIn0=",
          "dependencies": [
            "aws_vpc.vpc_wordpress"
          ]
        }
      ]
    },
    {
      "mode": "managed",
      "type": "aws_security_group_rule",
      "name": "allow_rds_inbound",
      "provider": "provider[\"registry.terraform.io/hashicorp/aws\"]",
      "instances": [
        {
          "schema_version": 2,
          "attributes": {
            "cidr_blocks": null,
            "description": null,
            "from_port": 3306,
            "id": "sgrule-4284680850",
            "ipv6_cidr_blocks": null,
            "prefix_list_ids": null,
            "protocol": "tcp",
            "security_group_id": "sg-0fc07ecfac5875e1f",
            "security_group_rule_id": "sgr-0b88006457ff8cf1e",
            "self": false,
            "source_security_group_id": "sg-0a57a666d214b0747",
            "timeouts": null,
            "to_port": 3306,
            "type": "ingress"
          },
          "sensitive_attributes": [],
          "identity_schema_version": 0,
          "private": "eyJlMmJmYjczMC1lY2FhLTExZTYtOGY4OC0zNDM2M2JjN2M0YzAiOnsiY3JlYXRlIjozMDAwMDAwMDAwMDB9LCJzY2hlbWFfdmVyc2lvbiI6IjIifQ==",
          "dependencies": [
            "aws_security_group.mysql_rds_security_group",
            "aws_security_group.sg_wordpress",
            "aws_vpc.vpc_wordpress"
          ]
        }
      ]
    },
    {
      "mode": "managed",
      "type": "aws_security_group_rule",
      "name": "allow_rds_outbound",
      "provider": "provider[\"registry.terraform.io/hashicorp/aws\"]",
      "instances": [
        {
          "schema_version": 2,
          "attributes": {
            "cidr_blocks": null,
            "description": null,
            "from_port": 0,
            "id": "sgrule-1129736174",
            "ipv6_cidr_blocks": null,
            "prefix_list_ids": null,
            "protocol": "-1",
            "security_group_id": "sg-0fc07ecfac5875e1f",
            "security_group_rule_id": "sgr-0343237b15b052a78",
            "self": false,
            "source_security_group_id": "sg-0a57a666d214b0747",
            "timeouts": null,
            "to_port": 0,
            "type": "egress"
          },
          "sensitive_attributes": [],
          "identity_schema_version": 0,
          "private": "eyJlMmJmYjczMC1lY2FhLTExZTYtOGY4OC0zNDM2M2JjN2M0YzAiOnsiY3JlYXRlIjozMDAwMDAwMDAwMDB9LCJzY2hlbWFfdmVyc2lvbiI6IjIifQ==",
          "dependencies": [
            "aws_security_group.mysql_rds_security_group",
            "aws_security_group.sg_wordpress",
            "aws_vpc.vpc_wordpress"
          ]
        }
      ]
    },
    {
      "mode": "managed",
      "type": "aws_subnet",
      "name": "subnet_wordpress_private_01",
      "provider": "provider[\"registry.terraform.io/hashicorp/aws\"]",
      "instances": [
        {
          "schema_version": 1,
          "attributes": {
            "arn": "arn:aws:ec2:us-east-1:355366859850:subnet/subnet-0b68f73760125630a",
            "assign_ipv6_address_on_creation": false,
            "availability_zone": "us-east-1a",
            "availability_zone_id": "use1-az2",
            "cidr_block": "10.0.3.0/24",
            "customer_owned_ipv4_pool": "",
            "enable_dns64": false,
            "enable_lni_at_device_index": 0,
            "enable_resource_name_dns_a_record_on_launch": false,
            "enable_resource_name_dns_aaaa_record_on_launch": false,
            "id": "subnet-0b68f73760125630a",
            "ipv6_cidr_block": "",
            "ipv6_cidr_block_association_id": "",
            "ipv6_native": false,
            "map_customer_owned_ip_on_launch": false,
            "map_public_ip_on_launch": false,
            "outpost_arn": "",
            "owner_id": "355366859850",
            "private_dns_hostname_type_on_launch": "ip-name",
            "tags": {
              "Name": "subnet_wordpress_private_01"
            },
            "tags_all": {
              "Name": "subnet_wordpress_private_01"
            },
            "timeouts": null,
            "vpc_id": "vpc-0ff103808a5ecfd3f"
          },
          "sensitive_attributes": [],
          "identity_schema_version": 0,
          "private": "eyJlMmJmYjczMC1lY2FhLTExZTYtOGY4OC0zNDM2M2JjN2M0YzAiOnsiY3JlYXRlIjo2MDAwMDAwMDAwMDAsImRlbGV0ZSI6MTIwMDAwMDAwMDAwMH0sInNjaGVtYV92ZXJzaW9uIjoiMSJ9",
          "dependencies": [
            "aws_vpc.vpc_wordpress"
          ]
        }
      ]
    },
    {
      "mode": "managed",
      "type": "aws_subnet",
      "name": "subnet_wordpress_private_02",
      "provider": "provider[\"registry.terraform.io/hashicorp/aws\"]",
      "instances": [
        {
          "schema_version": 1,
          "attributes": {
            "arn": "arn:aws:ec2:us-east-1:355366859850:subnet/subnet-0e0de61bf2f9e77a5",
            "assign_ipv6_address_on_creation": false,
            "availability_zone": "us-east-1b",
            "availability_zone_id": "use1-az4",
            "cidr_block": "10.0.4.0/24",
            "customer_owned_ipv4_pool": "",
            "enable_dns64": false,
            "enable_lni_at_device_index": 0,
            "enable_resource_name_dns_a_record_on_launch": false,
            "enable_resource_name_dns_aaaa_record_on_launch": false,
            "id": "subnet-0e0de61bf2f9e77a5",
            "ipv6_cidr_block": "",
            "ipv6_cidr_block_association_id": "",
            "ipv6_native": false,
            "map_customer_owned_ip_on_launch": false,
            "map_public_ip_on_launch": false,
            "outpost_arn": "",
            "owner_id": "355366859850",
            "private_dns_hostname_type_on_launch": "ip-name",
            "tags": {
              "Name": "subnet_wordpress_private_02"
            },
            "tags_all": {
              "Name": "subnet_wordpress_private_02"
            },
            "timeouts": null,
            "vpc_id": "vpc-0ff103808a5ecfd3f"
          },
          "sensitive_attributes": [],
          "identity_schema_version": 0,
          "private": "eyJlMmJmYjczMC1lY2FhLTExZTYtOGY4OC0zNDM2M2JjN2M0YzAiOnsiY3JlYXRlIjo2MDAwMDAwMDAwMDAsImRlbGV0ZSI6MTIwMDAwMDAwMDAwMH0sInNjaGVtYV92ZXJzaW9uIjoiMSJ9",
          "dependencies": [
            "aws_vpc.vpc_wordpress"
          ]
        }
      ]
    },
    {
      "mode": "managed",
      "type": "aws_subnet",
      "name": "subnet_wordpress_public_01",
      "provider": "provider[\"registry.terraform.io/hashicorp/aws\"]",
      "instances": [
        {
          "schema_version": 1,
          "attributes": {
            "arn": "arn:aws:ec2:us-east-1:355366859850:subnet/subnet-02933cb247ec5929e",
            "assign_ipv6_address_on_creation": false,
            "availability_zone": "us-east-1a",
            "availability_zone_id": "use1-az2",
            "cidr_block": "10.0.1.0/24",
            "customer_owned_ipv4_pool": "",
            "enable_dns64": false,
            "enable_lni_at_device_index": 0,
            "enable_resource_name_dns_a_record_on_launch": false,
            "enable_resource_name_dns_aaaa_record_on_launch": false,
            "id": "subnet-02933cb247ec5929e",
            "ipv6_cidr_block": "",
            "ipv6_cidr_block_association_id": "",
            "ipv6_native": false,
            "map_customer_owned_ip_on_launch": false,
            "map_public_ip_on_launch": false,
            "outpost_arn": "",
            "owner_id": "355366859850",
            "private_dns_hostname_type_on_launch": "ip-name",
            "tags": {
              "Name": "subnet_wordpress_public_01"
            },
            "tags_all": {
              "Name": "subnet_wordpress_public_01"
            },
            "timeouts": null,
            "vpc_id": "vpc-0ff103808a5ecfd3f"
          },
          "sensitive_attributes": [],
          "identity_schema_version": 0,
          "private": "eyJlMmJmYjczMC1lY2FhLTExZTYtOGY4OC0zNDM2M2JjN2M0YzAiOnsiY3JlYXRlIjo2MDAwMDAwMDAwMDAsImRlbGV0ZSI6MTIwMDAwMDAwMDAwMH0sInNjaGVtYV92ZXJzaW9uIjoiMSJ9",
          "dependencies": [
            "aws_vpc.vpc_wordpress"
          ]
        }
      ]
    },
    {
      "mode": "managed",
      "type": "aws_subnet",
      "name": "subnet_wordpress_public_02",
      "provider": "provider[\"registry.terraform.io/hashicorp/aws\"]",
      "instances": [
        {
          "schema_version": 1,
          "attributes": {
            "arn": "arn:aws:ec2:us-east-1:355366859850:subnet/subnet-03254d55248aed7c7",
            "assign_ipv6_address_on_creation": false,
            "availability_zone": "us-east-1b",
            "availability_zone_id": "use1-az4",
            "cidr_block": "10.0.2.0/24",
            "customer_owned_ipv4_pool": "",
            "enable_dns64": false,
            "enable_lni_at_device_index": 0,
            "enable_resource_name_dns_a_record_on_launch": false,
            "enable_resource_name_dns_aaaa_record_on_launch": false,
            "id": "subnet-03254d55248aed7c7",
            "ipv6_cidr_block": "",
            "ipv6_cidr_block_association_id": "",
            "ipv6_native": false,
            "map_customer_owned_ip_on_launch": false,
            "map_public_ip_on_launch": false,
            "outpost_arn": "",
            "owner_id": "355366859850",
            "private_dns_hostname_type_on_launch": "ip-name",
            "tags": {
              "Name": "subnet_wordpress_public_02"
            },
            "tags_all": {
              "Name": "subnet_wordpress_public_02"
            },
            "timeouts": null,
            "vpc_id": "vpc-0ff103808a5ecfd3f"
          },
          "sensitive_attributes": [],
          "identity_schema_version": 0,
          "private": "eyJlMmJmYjczMC1lY2FhLTExZTYtOGY4OC0zNDM2M2JjN2M0YzAiOnsiY3JlYXRlIjo2MDAwMDAwMDAwMDAsImRlbGV0ZSI6MTIwMDAwMDAwMDAwMH0sInNjaGVtYV92ZXJzaW9uIjoiMSJ9",
          "dependencies": [
            "aws_vpc.vpc_wordpress"
          ]
        }
      ]
    },
    {
      "mode": "managed",
      "type": "aws_vpc",
      "name": "vpc_wordpress",
      "provider": "provider[\"registry.terraform.io/hashicorp/aws\"]",
      "instances": [
        {
          "schema_version": 1,
          "attributes": {
            "arn": "arn:aws:ec2:us-east-1:355366859850:vpc/vpc-0ff103808a5ecfd3f",
            "assign_generated_ipv6_cidr_block": false,
            "cidr_block": "10.0.0.0/16",
            "default_network_acl_id": "acl-06ed6fc6e1eb0faa5",
            "default_route_table_id": "rtb-00eea8e2be2bc9bab",
            "default_security_group_id": "sg-005bc02f47cb5267f",
            "dhcp_options_id": "dopt-0df028d5e07c8099c",
            "enable_dns_hostnames": true,
            "enable_dns_support": true,
            "enable_network_address_usage_metrics": false,
            "id": "vpc-0ff103808a5ecfd3f",
            "instance_tenancy": "default",
            "ipv4_ipam_pool_id": null,
            "ipv4_netmask_length": null,
            "ipv6_association_id": "",
            "ipv6_cidr_block": "",
            "ipv6_cidr_block_network_border_group": "",
            "ipv6_ipam_pool_id": "",
            "ipv6_netmask_length": 0,
            "main_route_table_id": "rtb-00eea8e2be2bc9bab",
            "owner_id": "355366859850",
            "tags": {
              "Name": "VPC Wordpress"
            },
            "tags_all": {
              "Name": "VPC Wordpress"
            }
          },
          "sensitive_attributes": [],
          "identity_schema_version": 0,
          "private": "eyJzY2hlbWFfdmVyc2lvbiI6IjEifQ=="
        }
      ]
    }
  ],
  "check_results": null
}
