{
  "version": 4,
  "terraform_version": "1.12.1",
  "serial": 120,
  "lineage": "55a6cea4-7534-f89b-6d6e-d3d1f9a4627e",
  "outputs": {},
  "resources": [
    {
      "mode": "managed",
      "type": "aws_iam_instance_profile",
      "name": "ec2_instance_profile",
      "provider": "provider[\"registry.terraform.io/hashicorp/aws\"]",
      "instances": [
        {
          "schema_version": 0,
          "attributes": {
            "arn": "arn:aws:iam::355366859850:instance-profile/ec2_instance_profile",
            "create_date": "2025-06-04T19:56:09Z",
            "id": "ec2_instance_profile",
            "name": "ec2_instance_profile",
            "name_prefix": "",
            "path": "/",
            "role": "002-ec2-s3-read",
            "tags": null,
            "tags_all": {
              "Architect": "Luiz Carlos Rodrigues",
              "Company": "Acme Corporation",
              "Environment": "Development",
              "Owner": "AWS Especializacao",
              "Project": "Project_01 WordPress AWS Migration"
            },
            "unique_id": "AIPAVFPMD6RFKMASCXU2U"
          },
          "sensitive_attributes": [],
          "identity_schema_version": 0,
          "private": "bnVsbA==",
          "dependencies": [
            "aws_iam_role.ec2-s3-read"
          ]
        }
      ]
    },
    {
      "mode": "managed",
      "type": "aws_iam_role",
      "name": "ec2-s3-read",
      "provider": "provider[\"registry.terraform.io/hashicorp/aws\"]",
      "instances": [
        {
          "schema_version": 0,
          "attributes": {
            "arn": "arn:aws:iam::355366859850:role/002-ec2-s3-read",
            "assume_role_policy": "{\"Statement\":[{\"Action\":\"sts:AssumeRole\",\"Effect\":\"Allow\",\"Principal\":{\"Service\":\"ec2.amazonaws.com\"}}],\"Version\":\"2012-10-17\"}",
            "create_date": "2025-06-04T19:56:08Z",
            "description": "",
            "force_detach_policies": false,
            "id": "002-ec2-s3-read",
            "inline_policy": [],
            "managed_policy_arns": [],
            "max_session_duration": 3600,
            "name": "002-ec2-s3-read",
            "name_prefix": "",
            "path": "/",
            "permissions_boundary": "",
            "tags": null,
            "tags_all": {
              "Architect": "Luiz Carlos Rodrigues",
              "Company": "Acme Corporation",
              "Environment": "Development",
              "Owner": "AWS Especializacao",
              "Project": "Project_01 WordPress AWS Migration"
            },
            "unique_id": "AROAVFPMD6RFM6YM45JEE"
          },
          "sensitive_attributes": [],
          "identity_schema_version": 0,
          "private": "bnVsbA=="
        }
      ]
    },
    {
      "mode": "managed",
      "type": "aws_iam_role_policy_attachment",
      "name": "ec2_s3_read_policy_attach",
      "provider": "provider[\"registry.terraform.io/hashicorp/aws\"]",
      "instances": [
        {
          "schema_version": 0,
          "attributes": {
            "id": "002-ec2-s3-read-20250604195609515500000001",
            "policy_arn": "arn:aws:iam::aws:policy/AmazonS3ReadOnlyAccess",
            "role": "002-ec2-s3-read"
          },
          "sensitive_attributes": [],
          "identity_schema_version": 0,
          "private": "bnVsbA==",
          "dependencies": [
            "aws_iam_role.ec2-s3-read"
          ]
        }
      ]
    },
    {
      "mode": "managed",
      "type": "aws_instance",
      "name": "ec2_wordpress",
      "provider": "provider[\"registry.terraform.io/hashicorp/aws\"]",
      "instances": [
        {
          "schema_version": 1,
          "attributes": {
            "ami": "ami-0f9de6e2d2f067fca",
            "arn": "arn:aws:ec2:us-east-1:355366859850:instance/i-0be80cea54736b1c1",
            "associate_public_ip_address": true,
            "availability_zone": "us-east-1a",
            "capacity_reservation_specification": [
              {
                "capacity_reservation_preference": "open",
                "capacity_reservation_target": []
              }
            ],
            "cpu_core_count": 1,
            "cpu_options": [
              {
                "amd_sev_snp": "",
                "core_count": 1,
                "threads_per_core": 1
              }
            ],
            "cpu_threads_per_core": 1,
            "credit_specification": [
              {
                "cpu_credits": "standard"
              }
            ],
            "disable_api_stop": false,
            "disable_api_termination": false,
            "ebs_block_device": [],
            "ebs_optimized": false,
            "enable_primary_ipv6": null,
            "enclave_options": [
              {
                "enabled": false
              }
            ],
            "ephemeral_block_device": [],
            "get_password_data": false,
            "hibernation": false,
            "host_id": "",
            "host_resource_group_arn": null,
            "iam_instance_profile": "ec2_instance_profile",
            "id": "i-0be80cea54736b1c1",
            "instance_initiated_shutdown_behavior": "stop",
            "instance_lifecycle": "",
            "instance_market_options": [],
            "instance_state": "running",
            "instance_type": "t2.micro",
            "ipv6_address_count": 0,
            "ipv6_addresses": [],
            "key_name": "key_wordpress",
            "launch_template": [],
            "maintenance_options": [
              {
                "auto_recovery": "default"
              }
            ],
            "metadata_options": [
              {
                "http_endpoint": "enabled",
                "http_protocol_ipv6": "disabled",
                "http_put_response_hop_limit": 1,
                "http_tokens": "optional",
                "instance_metadata_tags": "disabled"
              }
            ],
            "monitoring": false,
            "network_interface": [],
            "outpost_arn": "",
            "password_data": "",
            "placement_group": "",
            "placement_partition_number": 0,
            "primary_network_interface_id": "eni-0c5e84d0be21a1e06",
            "private_dns": "ip-10-0-1-152.ec2.internal",
            "private_dns_name_options": [
              {
                "enable_resource_name_dns_a_record": false,
                "enable_resource_name_dns_aaaa_record": false,
                "hostname_type": "ip-name"
              }
            ],
            "private_ip": "10.0.1.152",
            "public_dns": "ec2-44-203-122-166.compute-1.amazonaws.com",
            "public_ip": "44.203.122.166",
            "root_block_device": [
              {
                "delete_on_termination": true,
                "device_name": "/dev/sda1",
                "encrypted": false,
                "iops": 100,
                "kms_key_id": "",
                "tags": {
                  "Architect": "Luiz Carlos Rodrigues",
                  "Company": "Acme Corporation",
                  "Environment": "Development",
                  "Owner": "AWS Especializacao",
                  "Project": "Project_01 WordPress AWS Migration"
                },
                "tags_all": {
                  "Architect": "Luiz Carlos Rodrigues",
                  "Company": "Acme Corporation",
                  "Environment": "Development",
                  "Owner": "AWS Especializacao",
                  "Project": "Project_01 WordPress AWS Migration"
                },
                "throughput": 0,
                "volume_id": "vol-0264029d07025986c",
                "volume_size": 8,
                "volume_type": "gp2"
              }
            ],
            "secondary_private_ips": [],
            "security_groups": [
              "sg-01be6e4bfdc2c0575"
            ],
            "source_dest_check": true,
            "spot_instance_request_id": "",
            "subnet_id": "subnet-03cb187b3692b628a",
            "tags": {
              "Name": "EC2_WordPress",
              "OS": "Ubuntu 22.04"
            },
            "tags_all": {
              "Architect": "Luiz Carlos Rodrigues",
              "Company": "Acme Corporation",
              "Environment": "Development",
              "Name": "EC2_WordPress",
              "OS": "Ubuntu 22.04",
              "Owner": "AWS Especializacao",
              "Project": "Project_01 WordPress AWS Migration"
            },
            "tenancy": "default",
            "timeouts": null,
            "user_data": "ed9f265567666053bca5582276eacd730684b074",
            "user_data_base64": null,
            "user_data_replace_on_change": false,
            "volume_tags": null,
            "vpc_security_group_ids": [
              "sg-01be6e4bfdc2c0575"
            ]
          },
          "sensitive_attributes": [],
          "identity_schema_version": 0,
          "private": "eyJlMmJmYjczMC1lY2FhLTExZTYtOGY4OC0zNDM2M2JjN2M0YzAiOnsiY3JlYXRlIjo2MDAwMDAwMDAwMDAsImRlbGV0ZSI6MTIwMDAwMDAwMDAwMCwicmVhZCI6OTAwMDAwMDAwMDAwLCJ1cGRhdGUiOjYwMDAwMDAwMDAwMH0sInNjaGVtYV92ZXJzaW9uIjoiMSJ9",
          "dependencies": [
            "aws_iam_instance_profile.ec2_instance_profile",
            "aws_iam_role.ec2-s3-read",
            "aws_key_pair.key_wordpress",
            "aws_security_group.sg_wordpress",
            "aws_subnet.subnet_wordpress_public_01",
            "aws_vpc.vpc_wordpress"
          ]
        }
      ]
    },
    {
      "mode": "managed",
      "type": "aws_internet_gateway",
      "name": "igw_wordpress",
      "provider": "provider[\"registry.terraform.io/hashicorp/aws\"]",
      "instances": [
        {
          "schema_version": 0,
          "attributes": {
            "arn": "arn:aws:ec2:us-east-1:355366859850:internet-gateway/igw-029c75774ec27ce82",
            "id": "igw-029c75774ec27ce82",
            "owner_id": "355366859850",
            "tags": {
              "Name": "IGW WordPress"
            },
            "tags_all": {
              "Architect": "Luiz Carlos Rodrigues",
              "Company": "Acme Corporation",
              "Environment": "Development",
              "Name": "IGW WordPress",
              "Owner": "AWS Especializacao",
              "Project": "Project_01 WordPress AWS Migration"
            },
            "timeouts": null,
            "vpc_id": "vpc-01e40a7ec62ca44e2"
          },
          "sensitive_attributes": [],
          "identity_schema_version": 0,
          "private": "eyJlMmJmYjczMC1lY2FhLTExZTYtOGY4OC0zNDM2M2JjN2M0YzAiOnsiY3JlYXRlIjoxMjAwMDAwMDAwMDAwLCJkZWxldGUiOjEyMDAwMDAwMDAwMDAsInVwZGF0ZSI6MTIwMDAwMDAwMDAwMH19",
          "dependencies": [
            "aws_vpc.vpc_wordpress"
          ]
        }
      ]
    },
    {
      "mode": "managed",
      "type": "aws_key_pair",
      "name": "key_wordpress",
      "provider": "provider[\"registry.terraform.io/hashicorp/aws\"]",
      "instances": [
        {
          "schema_version": 1,
          "attributes": {
            "arn": "arn:aws:ec2:us-east-1:355366859850:key-pair/key_wordpress",
            "fingerprint": "ec:b6:b2:12:94:7f:6b:2c:d8:6b:9a:26:ce:c4:e2:44",
            "id": "key_wordpress",
            "key_name": "key_wordpress",
            "key_name_prefix": "",
            "key_pair_id": "key-0d33b59b3b593a4d8",
            "key_type": "rsa",
            "public_key": "ssh-rsa AAAAB3NzaC1yc2EAAAADAQABAAACAQCchfKKtbc9k4YcyHHX2PEkt10G4HlYQ0FkdkUBIUlTijXktdoVTfVEPZJLXiN5tboxS4LjUD2NaLbp0L3z8MjlyhqF4YD+Lui+gG8M6lKLrqbjguPePM39wcmFmGu2S/yQTfKLlMrpKszeBwxcDh1tE1ZXHxxphWurhqXp5Kfq1BrdE6gmWl49AfV9mixVHparlGXvDf8Sz1qAKSv0SuMDxTbMfxLUCakIO+u6b6z0sT7Gpp+G3Yv6T0lp0D48oXHwNpQaikyFa07T2RnHCkf67IdiCuhxfekEpzX3d7zb2xY6Hf+H2ZSLbujOQqa5TbxxAHCyXOEpPvBXS+UIa8qUYb796UWOyxVSyf1c20ItrExq/+rSVvhenQLfr6db5C7IQUU4VdfhlTbmAZ0Xue6zY7iMGX3ZaOc1fj4hRQT9E3cjmd50qKXpTVddIimTPXMTqEPTJKxdugdFNBy74nZUqn6ZNtdFeH6xCChJdHcoIIL3S71SLy5fqwWff1C4C05VzYOWoRpE6+vYXBSStBkkYTWa4y5CdkFNR5RYOGphckc3TZGcsZTEUokZKigHCOZSJxeB2nBoYiIwb8a9fRry3AIgPdV6f3tPWG0e0DrAExZxEB1R2iT6c3Vk0JqMgAej76LObJFmeCho8V34aHninClpoovi03i94eFAGT9lYw== lcfrod@lcfrod-IdeaPad",
            "tags": {
              "Name": "WordPress Key Pair"
            },
            "tags_all": {
              "Architect": "Luiz Carlos Rodrigues",
              "Company": "Acme Corporation",
              "Environment": "Development",
              "Name": "WordPress Key Pair",
              "Owner": "AWS Especializacao",
              "Project": "Project_01 WordPress AWS Migration"
            }
          },
          "sensitive_attributes": [],
          "identity_schema_version": 0,
          "private": "eyJzY2hlbWFfdmVyc2lvbiI6IjEifQ=="
        }
      ]
    },
    {
      "mode": "managed",
      "type": "aws_lb",
      "name": "lb_wordpress_internet_facing",
      "provider": "provider[\"registry.terraform.io/hashicorp/aws\"]",
      "instances": [
        {
          "schema_version": 0,
          "attributes": {
            "access_logs": [
              {
                "bucket": "",
                "enabled": false,
                "prefix": ""
              }
            ],
            "arn": "arn:aws:elasticloadbalancing:us-east-1:355366859850:loadbalancer/app/lb-wordpress-internet-facing/78575ee1a99723f4",
            "arn_suffix": "app/lb-wordpress-internet-facing/78575ee1a99723f4",
            "client_keep_alive": 3600,
            "connection_logs": [
              {
                "bucket": "",
                "enabled": false,
                "prefix": ""
              }
            ],
            "customer_owned_ipv4_pool": "",
            "desync_mitigation_mode": "defensive",
            "dns_name": "lb-wordpress-internet-facing-1764348350.us-east-1.elb.amazonaws.com",
            "dns_record_client_routing_policy": null,
            "drop_invalid_header_fields": false,
            "enable_cross_zone_load_balancing": true,
            "enable_deletion_protection": false,
            "enable_http2": true,
            "enable_tls_version_and_cipher_suite_headers": false,
            "enable_waf_fail_open": false,
            "enable_xff_client_port": false,
            "enable_zonal_shift": false,
            "enforce_security_group_inbound_rules_on_private_link_traffic": "",
            "id": "arn:aws:elasticloadbalancing:us-east-1:355366859850:loadbalancer/app/lb-wordpress-internet-facing/78575ee1a99723f4",
            "idle_timeout": 60,
            "internal": false,
            "ip_address_type": "ipv4",
            "ipam_pools": [],
            "load_balancer_type": "application",
            "minimum_load_balancer_capacity": [],
            "name": "lb-wordpress-internet-facing",
            "name_prefix": "",
            "preserve_host_header": false,
            "security_groups": [
              "sg-01be6e4bfdc2c0575"
            ],
            "subnet_mapping": [
              {
                "allocation_id": "",
                "ipv6_address": "",
                "outpost_id": "",
                "private_ipv4_address": "",
                "subnet_id": "subnet-03cb187b3692b628a"
              },
              {
                "allocation_id": "",
                "ipv6_address": "",
                "outpost_id": "",
                "private_ipv4_address": "",
                "subnet_id": "subnet-0cb340b6a58fa2200"
              }
            ],
            "subnets": [
              "subnet-03cb187b3692b628a",
              "subnet-0cb340b6a58fa2200"
            ],
            "tags": null,
            "tags_all": {
              "Architect": "Luiz Carlos Rodrigues",
              "Company": "Acme Corporation",
              "Environment": "Development",
              "Owner": "AWS Especializacao",
              "Project": "Project_01 WordPress AWS Migration"
            },
            "timeouts": null,
            "vpc_id": "vpc-01e40a7ec62ca44e2",
            "xff_header_processing_mode": "append",
            "zone_id": "Z35SXDOTRQ7X7K"
          },
          "sensitive_attributes": [],
          "identity_schema_version": 0,
          "private": "eyJlMmJmYjczMC1lY2FhLTExZTYtOGY4OC0zNDM2M2JjN2M0YzAiOnsiY3JlYXRlIjo2MDAwMDAwMDAwMDAsImRlbGV0ZSI6NjAwMDAwMDAwMDAwLCJ1cGRhdGUiOjYwMDAwMDAwMDAwMH19",
          "dependencies": [
            "aws_security_group.sg_wordpress",
            "aws_subnet.subnet_wordpress_public_01",
            "aws_subnet.subnet_wordpress_public_02",
            "aws_vpc.vpc_wordpress"
          ]
        }
      ]
    },
    {
      "mode": "managed",
      "type": "aws_network_acl",
      "name": "acl_wordpress_private",
      "provider": "provider[\"registry.terraform.io/hashicorp/aws\"]",
      "instances": [
        {
          "schema_version": 0,
          "attributes": {
            "arn": "arn:aws:ec2:us-east-1:355366859850:network-acl/acl-076f2a0b99ae9d1d0",
            "egress": [
              {
                "action": "allow",
                "cidr_block": "0.0.0.0/0",
                "from_port": 1024,
                "icmp_code": null,
                "icmp_type": null,
                "ipv6_cidr_block": "",
                "protocol": "tcp",
                "rule_no": 300,
                "to_port": 65535
              }
            ],
            "id": "acl-076f2a0b99ae9d1d0",
            "ingress": [
              {
                "action": "allow",
                "cidr_block": "0.0.0.0/0",
                "from_port": 1024,
                "icmp_code": null,
                "icmp_type": null,
                "ipv6_cidr_block": "",
                "protocol": "tcp",
                "rule_no": 200,
                "to_port": 65535
              },
              {
                "action": "allow",
                "cidr_block": "0.0.0.0/0",
                "from_port": 3306,
                "icmp_code": null,
                "icmp_type": null,
                "ipv6_cidr_block": "",
                "protocol": "tcp",
                "rule_no": 100,
                "to_port": 3306
              }
            ],
            "owner_id": "355366859850",
            "subnet_ids": [
              "subnet-03cb187b3692b628a",
              "subnet-0cb340b6a58fa2200"
            ],
            "tags": {
              "Name": "acl_wordpress_private"
            },
            "tags_all": {
              "Architect": "Luiz Carlos Rodrigues",
              "Company": "Acme Corporation",
              "Environment": "Development",
              "Name": "acl_wordpress_private",
              "Owner": "AWS Especializacao",
              "Project": "Project_01 WordPress AWS Migration"
            },
            "vpc_id": "vpc-01e40a7ec62ca44e2"
          },
          "sensitive_attributes": [],
          "identity_schema_version": 0,
          "private": "bnVsbA==",
          "dependencies": [
            "aws_subnet.subnet_wordpress_public_01",
            "aws_subnet.subnet_wordpress_public_02",
            "aws_vpc.vpc_wordpress"
          ]
        }
      ]
    },
    {
      "mode": "managed",
      "type": "aws_network_acl",
      "name": "acl_wordpress_public",
      "provider": "provider[\"registry.terraform.io/hashicorp/aws\"]",
      "instances": [
        {
          "schema_version": 0,
          "attributes": {
            "arn": "arn:aws:ec2:us-east-1:355366859850:network-acl/acl-0f89aba36eb0b0b01",
            "egress": [
              {
                "action": "allow",
                "cidr_block": "0.0.0.0/0",
                "from_port": 0,
                "icmp_code": null,
                "icmp_type": null,
                "ipv6_cidr_block": "",
                "protocol": "all",
                "rule_no": 100,
                "to_port": 0
              },
              {
                "action": "allow",
                "cidr_block": "0.0.0.0/0",
                "from_port": 1024,
                "icmp_code": null,
                "icmp_type": null,
                "ipv6_cidr_block": "",
                "protocol": "tcp",
                "rule_no": 300,
                "to_port": 65535
              }
            ],
            "id": "acl-0f89aba36eb0b0b01",
            "ingress": [
              {
                "action": "allow",
                "cidr_block": "0.0.0.0/0",
                "from_port": 1024,
                "icmp_code": null,
                "icmp_type": null,
                "ipv6_cidr_block": "",
                "protocol": "tcp",
                "rule_no": 300,
                "to_port": 65535
              },
              {
                "action": "allow",
                "cidr_block": "0.0.0.0/0",
                "from_port": 22,
                "icmp_code": null,
                "icmp_type": null,
                "ipv6_cidr_block": "",
                "protocol": "tcp",
                "rule_no": 100,
                "to_port": 22
              },
              {
                "action": "allow",
                "cidr_block": "0.0.0.0/0",
                "from_port": 443,
                "icmp_code": null,
                "icmp_type": null,
                "ipv6_cidr_block": "",
                "protocol": "tcp",
                "rule_no": 120,
                "to_port": 443
              },
              {
                "action": "allow",
                "cidr_block": "0.0.0.0/0",
                "from_port": 80,
                "icmp_code": null,
                "icmp_type": null,
                "ipv6_cidr_block": "",
                "protocol": "tcp",
                "rule_no": 110,
                "to_port": 80
              }
            ],
            "owner_id": "355366859850",
            "subnet_ids": [
              "subnet-03cb187b3692b628a",
              "subnet-0cb340b6a58fa2200"
            ],
            "tags": {
              "Name": "acl_wordpress_public"
            },
            "tags_all": {
              "Architect": "Luiz Carlos Rodrigues",
              "Company": "Acme Corporation",
              "Environment": "Development",
              "Name": "acl_wordpress_public",
              "Owner": "AWS Especializacao",
              "Project": "Project_01 WordPress AWS Migration"
            },
            "vpc_id": "vpc-01e40a7ec62ca44e2"
          },
          "sensitive_attributes": [],
          "identity_schema_version": 0,
          "private": "bnVsbA==",
          "dependencies": [
            "aws_subnet.subnet_wordpress_public_01",
            "aws_subnet.subnet_wordpress_public_02",
            "aws_vpc.vpc_wordpress"
          ]
        }
      ]
    },
    {
      "mode": "managed",
      "type": "aws_route",
      "name": "route_default_public_subnet_01",
      "provider": "provider[\"registry.terraform.io/hashicorp/aws\"]",
      "instances": [
        {
          "schema_version": 0,
          "attributes": {
            "carrier_gateway_id": "",
            "core_network_arn": "",
            "destination_cidr_block": "0.0.0.0/0",
            "destination_ipv6_cidr_block": "",
            "destination_prefix_list_id": "",
            "egress_only_gateway_id": "",
            "gateway_id": "igw-029c75774ec27ce82",
            "id": "r-rtb-0500bd68c3c2296ea1080289494",
            "instance_id": "",
            "instance_owner_id": "",
            "local_gateway_id": "",
            "nat_gateway_id": "",
            "network_interface_id": "",
            "origin": "CreateRoute",
            "route_table_id": "rtb-0500bd68c3c2296ea",
            "state": "active",
            "timeouts": null,
            "transit_gateway_id": "",
            "vpc_endpoint_id": "",
            "vpc_peering_connection_id": ""
          },
          "sensitive_attributes": [],
          "identity_schema_version": 0,
          "private": "eyJlMmJmYjczMC1lY2FhLTExZTYtOGY4OC0zNDM2M2JjN2M0YzAiOnsiY3JlYXRlIjozMDAwMDAwMDAwMDAsImRlbGV0ZSI6MzAwMDAwMDAwMDAwLCJ1cGRhdGUiOjEyMDAwMDAwMDAwMH19",
          "dependencies": [
            "aws_internet_gateway.igw_wordpress",
            "aws_route_table.rt_wordpress_public",
            "aws_vpc.vpc_wordpress"
          ]
        }
      ]
    },
    {
      "mode": "managed",
      "type": "aws_route",
      "name": "route_default_public_subnet_02",
      "provider": "provider[\"registry.terraform.io/hashicorp/aws\"]",
      "instances": [
        {
          "schema_version": 0,
          "attributes": {
            "carrier_gateway_id": "",
            "core_network_arn": "",
            "destination_cidr_block": "0.0.0.0/0",
            "destination_ipv6_cidr_block": "",
            "destination_prefix_list_id": "",
            "egress_only_gateway_id": "",
            "gateway_id": "igw-029c75774ec27ce82",
            "id": "r-rtb-0500bd68c3c2296ea1080289494",
            "instance_id": "",
            "instance_owner_id": "",
            "local_gateway_id": "",
            "nat_gateway_id": "",
            "network_interface_id": "",
            "origin": "CreateRoute",
            "route_table_id": "rtb-0500bd68c3c2296ea",
            "state": "active",
            "timeouts": null,
            "transit_gateway_id": "",
            "vpc_endpoint_id": "",
            "vpc_peering_connection_id": ""
          },
          "sensitive_attributes": [],
          "identity_schema_version": 0,
          "private": "eyJlMmJmYjczMC1lY2FhLTExZTYtOGY4OC0zNDM2M2JjN2M0YzAiOnsiY3JlYXRlIjozMDAwMDAwMDAwMDAsImRlbGV0ZSI6MzAwMDAwMDAwMDAwLCJ1cGRhdGUiOjEyMDAwMDAwMDAwMH19",
          "dependencies": [
            "aws_internet_gateway.igw_wordpress",
            "aws_route_table.rt_wordpress_public",
            "aws_vpc.vpc_wordpress"
          ]
        }
      ]
    },
    {
      "mode": "managed",
      "type": "aws_route_table",
      "name": "rt_wordpress_private",
      "provider": "provider[\"registry.terraform.io/hashicorp/aws\"]",
      "instances": [
        {
          "schema_version": 0,
          "attributes": {
            "arn": "arn:aws:ec2:us-east-1:355366859850:route-table/rtb-0a14a00119a826d7c",
            "id": "rtb-0a14a00119a826d7c",
            "owner_id": "355366859850",
            "propagating_vgws": [],
            "route": [],
            "tags": {
              "Name": "rt_wordpress_private"
            },
            "tags_all": {
              "Architect": "Luiz Carlos Rodrigues",
              "Company": "Acme Corporation",
              "Environment": "Development",
              "Name": "rt_wordpress_private",
              "Owner": "AWS Especializacao",
              "Project": "Project_01 WordPress AWS Migration"
            },
            "timeouts": null,
            "vpc_id": "vpc-01e40a7ec62ca44e2"
          },
          "sensitive_attributes": [],
          "identity_schema_version": 0,
          "private": "eyJlMmJmYjczMC1lY2FhLTExZTYtOGY4OC0zNDM2M2JjN2M0YzAiOnsiY3JlYXRlIjozMDAwMDAwMDAwMDAsImRlbGV0ZSI6MzAwMDAwMDAwMDAwLCJ1cGRhdGUiOjEyMDAwMDAwMDAwMH19",
          "dependencies": [
            "aws_vpc.vpc_wordpress"
          ]
        }
      ]
    },
    {
      "mode": "managed",
      "type": "aws_route_table",
      "name": "rt_wordpress_public",
      "provider": "provider[\"registry.terraform.io/hashicorp/aws\"]",
      "instances": [
        {
          "schema_version": 0,
          "attributes": {
            "arn": "arn:aws:ec2:us-east-1:355366859850:route-table/rtb-0500bd68c3c2296ea",
            "id": "rtb-0500bd68c3c2296ea",
            "owner_id": "355366859850",
            "propagating_vgws": [],
            "route": [],
            "tags": {
              "Name": "rt_wordpress_public"
            },
            "tags_all": {
              "Architect": "Luiz Carlos Rodrigues",
              "Company": "Acme Corporation",
              "Environment": "Development",
              "Name": "rt_wordpress_public",
              "Owner": "AWS Especializacao",
              "Project": "Project_01 WordPress AWS Migration"
            },
            "timeouts": null,
            "vpc_id": "vpc-01e40a7ec62ca44e2"
          },
          "sensitive_attributes": [],
          "identity_schema_version": 0,
          "private": "eyJlMmJmYjczMC1lY2FhLTExZTYtOGY4OC0zNDM2M2JjN2M0YzAiOnsiY3JlYXRlIjozMDAwMDAwMDAwMDAsImRlbGV0ZSI6MzAwMDAwMDAwMDAwLCJ1cGRhdGUiOjEyMDAwMDAwMDAwMH19",
          "dependencies": [
            "aws_vpc.vpc_wordpress"
          ]
        }
      ]
    },
    {
      "mode": "managed",
      "type": "aws_route_table_association",
      "name": "rt_assoc_wordpress_private_01",
      "provider": "provider[\"registry.terraform.io/hashicorp/aws\"]",
      "instances": [
        {
          "schema_version": 0,
          "attributes": {
            "gateway_id": "",
            "id": "rtbassoc-066a7a2bc61c30546",
            "route_table_id": "rtb-0a14a00119a826d7c",
            "subnet_id": "subnet-090b6e921fb27350c",
            "timeouts": null
          },
          "sensitive_attributes": [],
          "identity_schema_version": 0,
          "private": "eyJlMmJmYjczMC1lY2FhLTExZTYtOGY4OC0zNDM2M2JjN2M0YzAiOnsiY3JlYXRlIjozMDAwMDAwMDAwMDAsImRlbGV0ZSI6MzAwMDAwMDAwMDAwLCJ1cGRhdGUiOjEyMDAwMDAwMDAwMH19",
          "dependencies": [
            "aws_route_table.rt_wordpress_private",
            "aws_subnet.subnet_wordpress_private_01",
            "aws_vpc.vpc_wordpress"
          ]
        }
      ]
    },
    {
      "mode": "managed",
      "type": "aws_route_table_association",
      "name": "rt_assoc_wordpress_private_02",
      "provider": "provider[\"registry.terraform.io/hashicorp/aws\"]",
      "instances": [
        {
          "schema_version": 0,
          "attributes": {
            "gateway_id": "",
            "id": "rtbassoc-0e6dbe2a1aa0b5220",
            "route_table_id": "rtb-0a14a00119a826d7c",
            "subnet_id": "subnet-003b3c98057d8412d",
            "timeouts": null
          },
          "sensitive_attributes": [],
          "identity_schema_version": 0,
          "private": "eyJlMmJmYjczMC1lY2FhLTExZTYtOGY4OC0zNDM2M2JjN2M0YzAiOnsiY3JlYXRlIjozMDAwMDAwMDAwMDAsImRlbGV0ZSI6MzAwMDAwMDAwMDAwLCJ1cGRhdGUiOjEyMDAwMDAwMDAwMH19",
          "dependencies": [
            "aws_route_table.rt_wordpress_private",
            "aws_subnet.subnet_wordpress_private_02",
            "aws_vpc.vpc_wordpress"
          ]
        }
      ]
    },
    {
      "mode": "managed",
      "type": "aws_route_table_association",
      "name": "rt_assoc_wordpress_public_01",
      "provider": "provider[\"registry.terraform.io/hashicorp/aws\"]",
      "instances": [
        {
          "schema_version": 0,
          "attributes": {
            "gateway_id": "",
            "id": "rtbassoc-016cf6f50201e9e15",
            "route_table_id": "rtb-0500bd68c3c2296ea",
            "subnet_id": "subnet-03cb187b3692b628a",
            "timeouts": null
          },
          "sensitive_attributes": [],
          "identity_schema_version": 0,
          "private": "eyJlMmJmYjczMC1lY2FhLTExZTYtOGY4OC0zNDM2M2JjN2M0YzAiOnsiY3JlYXRlIjozMDAwMDAwMDAwMDAsImRlbGV0ZSI6MzAwMDAwMDAwMDAwLCJ1cGRhdGUiOjEyMDAwMDAwMDAwMH19",
          "dependencies": [
            "aws_route_table.rt_wordpress_public",
            "aws_subnet.subnet_wordpress_public_01",
            "aws_vpc.vpc_wordpress"
          ]
        }
      ]
    },
    {
      "mode": "managed",
      "type": "aws_route_table_association",
      "name": "rt_assoc_wordpress_public_02",
      "provider": "provider[\"registry.terraform.io/hashicorp/aws\"]",
      "instances": [
        {
          "schema_version": 0,
          "attributes": {
            "gateway_id": "",
            "id": "rtbassoc-08de9258f90789d41",
            "route_table_id": "rtb-0500bd68c3c2296ea",
            "subnet_id": "subnet-0cb340b6a58fa2200",
            "timeouts": null
          },
          "sensitive_attributes": [],
          "identity_schema_version": 0,
          "private": "eyJlMmJmYjczMC1lY2FhLTExZTYtOGY4OC0zNDM2M2JjN2M0YzAiOnsiY3JlYXRlIjozMDAwMDAwMDAwMDAsImRlbGV0ZSI6MzAwMDAwMDAwMDAwLCJ1cGRhdGUiOjEyMDAwMDAwMDAwMH19",
          "dependencies": [
            "aws_route_table.rt_wordpress_public",
            "aws_subnet.subnet_wordpress_public_02",
            "aws_vpc.vpc_wordpress"
          ]
        }
      ]
    },
    {
      "mode": "managed",
      "type": "aws_security_group",
      "name": "sg_wordpress",
      "provider": "provider[\"registry.terraform.io/hashicorp/aws\"]",
      "instances": [
        {
          "schema_version": 1,
          "attributes": {
            "arn": "arn:aws:ec2:us-east-1:355366859850:security-group/sg-01be6e4bfdc2c0575",
            "description": "Security Group for WordPress Project",
            "egress": [
              {
                "cidr_blocks": [
                  "0.0.0.0/0"
                ],
                "description": "Liberate Outbound",
                "from_port": 0,
                "ipv6_cidr_blocks": [],
                "prefix_list_ids": [],
                "protocol": "-1",
                "security_groups": [],
                "self": false,
                "to_port": 0
              }
            ],
            "id": "sg-01be6e4bfdc2c0575",
            "ingress": [
              {
                "cidr_blocks": [
                  "0.0.0.0/0"
                ],
                "description": "Allow ping ",
                "from_port": 8,
                "ipv6_cidr_blocks": [],
                "prefix_list_ids": [],
                "protocol": "icmp",
                "security_groups": [],
                "self": false,
                "to_port": 8
              },
              {
                "cidr_blocks": [
                  "0.0.0.0/0"
                ],
                "description": "Liberate Inboud HTTP",
                "from_port": 80,
                "ipv6_cidr_blocks": [],
                "prefix_list_ids": [],
                "protocol": "tcp",
                "security_groups": [],
                "self": false,
                "to_port": 80
              },
              {
                "cidr_blocks": [
                  "0.0.0.0/0"
                ],
                "description": "Liberate Inboud SSH",
                "from_port": 22,
                "ipv6_cidr_blocks": [],
                "prefix_list_ids": [],
                "protocol": "tcp",
                "security_groups": [],
                "self": false,
                "to_port": 22
              },
              {
                "cidr_blocks": [
                  "0.0.0.0/0"
                ],
                "description": "Liberate Inbound HTTPS",
                "from_port": 443,
                "ipv6_cidr_blocks": [],
                "prefix_list_ids": [],
                "protocol": "tcp",
                "security_groups": [],
                "self": false,
                "to_port": 443
              }
            ],
            "name": "sg_wordpress20250604195623133900000004",
            "name_prefix": "sg_wordpress",
            "owner_id": "355366859850",
            "revoke_rules_on_delete": false,
            "tags": null,
            "tags_all": {
              "Architect": "Luiz Carlos Rodrigues",
              "Company": "Acme Corporation",
              "Environment": "Development",
              "Owner": "AWS Especializacao",
              "Project": "Project_01 WordPress AWS Migration"
            },
            "timeouts": null,
            "vpc_id": "vpc-01e40a7ec62ca44e2"
          },
          "sensitive_attributes": [],
          "identity_schema_version": 0,
          "private": "eyJlMmJmYjczMC1lY2FhLTExZTYtOGY4OC0zNDM2M2JjN2M0YzAiOnsiY3JlYXRlIjo2MDAwMDAwMDAwMDAsImRlbGV0ZSI6OTAwMDAwMDAwMDAwfSwic2NoZW1hX3ZlcnNpb24iOiIxIn0=",
          "dependencies": [
            "aws_vpc.vpc_wordpress"
          ]
        }
      ]
    },
    {
      "mode": "managed",
      "type": "aws_subnet",
      "name": "subnet_wordpress_private_01",
      "provider": "provider[\"registry.terraform.io/hashicorp/aws\"]",
      "instances": [
        {
          "schema_version": 1,
          "attributes": {
            "arn": "arn:aws:ec2:us-east-1:355366859850:subnet/subnet-090b6e921fb27350c",
            "assign_ipv6_address_on_creation": false,
            "availability_zone": "us-east-1a",
            "availability_zone_id": "use1-az2",
            "cidr_block": "10.0.3.0/24",
            "customer_owned_ipv4_pool": "",
            "enable_dns64": false,
            "enable_lni_at_device_index": 0,
            "enable_resource_name_dns_a_record_on_launch": false,
            "enable_resource_name_dns_aaaa_record_on_launch": false,
            "id": "subnet-090b6e921fb27350c",
            "ipv6_cidr_block": "",
            "ipv6_cidr_block_association_id": "",
            "ipv6_native": false,
            "map_customer_owned_ip_on_launch": false,
            "map_public_ip_on_launch": false,
            "outpost_arn": "",
            "owner_id": "355366859850",
            "private_dns_hostname_type_on_launch": "ip-name",
            "tags": {
              "Name": "subnet_wordpress_private_01"
            },
            "tags_all": {
              "Architect": "Luiz Carlos Rodrigues",
              "Company": "Acme Corporation",
              "Environment": "Development",
              "Name": "subnet_wordpress_private_01",
              "Owner": "AWS Especializacao",
              "Project": "Project_01 WordPress AWS Migration"
            },
            "timeouts": null,
            "vpc_id": "vpc-01e40a7ec62ca44e2"
          },
          "sensitive_attributes": [],
          "identity_schema_version": 0,
          "private": "eyJlMmJmYjczMC1lY2FhLTExZTYtOGY4OC0zNDM2M2JjN2M0YzAiOnsiY3JlYXRlIjo2MDAwMDAwMDAwMDAsImRlbGV0ZSI6MTIwMDAwMDAwMDAwMH0sInNjaGVtYV92ZXJzaW9uIjoiMSJ9",
          "dependencies": [
            "aws_vpc.vpc_wordpress"
          ]
        }
      ]
    },
    {
      "mode": "managed",
      "type": "aws_subnet",
      "name": "subnet_wordpress_private_02",
      "provider": "provider[\"registry.terraform.io/hashicorp/aws\"]",
      "instances": [
        {
          "schema_version": 1,
          "attributes": {
            "arn": "arn:aws:ec2:us-east-1:355366859850:subnet/subnet-003b3c98057d8412d",
            "assign_ipv6_address_on_creation": false,
            "availability_zone": "us-east-1b",
            "availability_zone_id": "use1-az4",
            "cidr_block": "10.0.4.0/24",
            "customer_owned_ipv4_pool": "",
            "enable_dns64": false,
            "enable_lni_at_device_index": 0,
            "enable_resource_name_dns_a_record_on_launch": false,
            "enable_resource_name_dns_aaaa_record_on_launch": false,
            "id": "subnet-003b3c98057d8412d",
            "ipv6_cidr_block": "",
            "ipv6_cidr_block_association_id": "",
            "ipv6_native": false,
            "map_customer_owned_ip_on_launch": false,
            "map_public_ip_on_launch": false,
            "outpost_arn": "",
            "owner_id": "355366859850",
            "private_dns_hostname_type_on_launch": "ip-name",
            "tags": {
              "Name": "subnet_wordpress_private_02"
            },
            "tags_all": {
              "Architect": "Luiz Carlos Rodrigues",
              "Company": "Acme Corporation",
              "Environment": "Development",
              "Name": "subnet_wordpress_private_02",
              "Owner": "AWS Especializacao",
              "Project": "Project_01 WordPress AWS Migration"
            },
            "timeouts": null,
            "vpc_id": "vpc-01e40a7ec62ca44e2"
          },
          "sensitive_attributes": [],
          "identity_schema_version": 0,
          "private": "eyJlMmJmYjczMC1lY2FhLTExZTYtOGY4OC0zNDM2M2JjN2M0YzAiOnsiY3JlYXRlIjo2MDAwMDAwMDAwMDAsImRlbGV0ZSI6MTIwMDAwMDAwMDAwMH0sInNjaGVtYV92ZXJzaW9uIjoiMSJ9",
          "dependencies": [
            "aws_vpc.vpc_wordpress"
          ]
        }
      ]
    },
    {
      "mode": "managed",
      "type": "aws_subnet",
      "name": "subnet_wordpress_public_01",
      "provider": "provider[\"registry.terraform.io/hashicorp/aws\"]",
      "instances": [
        {
          "schema_version": 1,
          "attributes": {
            "arn": "arn:aws:ec2:us-east-1:355366859850:subnet/subnet-03cb187b3692b628a",
            "assign_ipv6_address_on_creation": false,
            "availability_zone": "us-east-1a",
            "availability_zone_id": "use1-az2",
            "cidr_block": "10.0.1.0/24",
            "customer_owned_ipv4_pool": "",
            "enable_dns64": false,
            "enable_lni_at_device_index": 0,
            "enable_resource_name_dns_a_record_on_launch": false,
            "enable_resource_name_dns_aaaa_record_on_launch": false,
            "id": "subnet-03cb187b3692b628a",
            "ipv6_cidr_block": "",
            "ipv6_cidr_block_association_id": "",
            "ipv6_native": false,
            "map_customer_owned_ip_on_launch": false,
            "map_public_ip_on_launch": false,
            "outpost_arn": "",
            "owner_id": "355366859850",
            "private_dns_hostname_type_on_launch": "ip-name",
            "tags": {
              "Name": "subnet_wordpress_public_01"
            },
            "tags_all": {
              "Architect": "Luiz Carlos Rodrigues",
              "Company": "Acme Corporation",
              "Environment": "Development",
              "Name": "subnet_wordpress_public_01",
              "Owner": "AWS Especializacao",
              "Project": "Project_01 WordPress AWS Migration"
            },
            "timeouts": null,
            "vpc_id": "vpc-01e40a7ec62ca44e2"
          },
          "sensitive_attributes": [],
          "identity_schema_version": 0,
          "private": "eyJlMmJmYjczMC1lY2FhLTExZTYtOGY4OC0zNDM2M2JjN2M0YzAiOnsiY3JlYXRlIjo2MDAwMDAwMDAwMDAsImRlbGV0ZSI6MTIwMDAwMDAwMDAwMH0sInNjaGVtYV92ZXJzaW9uIjoiMSJ9",
          "dependencies": [
            "aws_vpc.vpc_wordpress"
          ]
        }
      ]
    },
    {
      "mode": "managed",
      "type": "aws_subnet",
      "name": "subnet_wordpress_public_02",
      "provider": "provider[\"registry.terraform.io/hashicorp/aws\"]",
      "instances": [
        {
          "schema_version": 1,
          "attributes": {
            "arn": "arn:aws:ec2:us-east-1:355366859850:subnet/subnet-0cb340b6a58fa2200",
            "assign_ipv6_address_on_creation": false,
            "availability_zone": "us-east-1b",
            "availability_zone_id": "use1-az4",
            "cidr_block": "10.0.2.0/24",
            "customer_owned_ipv4_pool": "",
            "enable_dns64": false,
            "enable_lni_at_device_index": 0,
            "enable_resource_name_dns_a_record_on_launch": false,
            "enable_resource_name_dns_aaaa_record_on_launch": false,
            "id": "subnet-0cb340b6a58fa2200",
            "ipv6_cidr_block": "",
            "ipv6_cidr_block_association_id": "",
            "ipv6_native": false,
            "map_customer_owned_ip_on_launch": false,
            "map_public_ip_on_launch": false,
            "outpost_arn": "",
            "owner_id": "355366859850",
            "private_dns_hostname_type_on_launch": "ip-name",
            "tags": {
              "Name": "subnet_wordpress_public_02"
            },
            "tags_all": {
              "Architect": "Luiz Carlos Rodrigues",
              "Company": "Acme Corporation",
              "Environment": "Development",
              "Name": "subnet_wordpress_public_02",
              "Owner": "AWS Especializacao",
              "Project": "Project_01 WordPress AWS Migration"
            },
            "timeouts": null,
            "vpc_id": "vpc-01e40a7ec62ca44e2"
          },
          "sensitive_attributes": [],
          "identity_schema_version": 0,
          "private": "eyJlMmJmYjczMC1lY2FhLTExZTYtOGY4OC0zNDM2M2JjN2M0YzAiOnsiY3JlYXRlIjo2MDAwMDAwMDAwMDAsImRlbGV0ZSI6MTIwMDAwMDAwMDAwMH0sInNjaGVtYV92ZXJzaW9uIjoiMSJ9",
          "dependencies": [
            "aws_vpc.vpc_wordpress"
          ]
        }
      ]
    },
    {
      "mode": "managed",
      "type": "aws_vpc",
      "name": "vpc_wordpress",
      "provider": "provider[\"registry.terraform.io/hashicorp/aws\"]",
      "instances": [
        {
          "schema_version": 1,
          "attributes": {
            "arn": "arn:aws:ec2:us-east-1:355366859850:vpc/vpc-01e40a7ec62ca44e2",
            "assign_generated_ipv6_cidr_block": false,
            "cidr_block": "10.0.0.0/16",
            "default_network_acl_id": "acl-0e4bf847cfbb97ad7",
            "default_route_table_id": "rtb-0fc0791d6b3f3a392",
            "default_security_group_id": "sg-005266e2d5a0c20cb",
            "dhcp_options_id": "dopt-0df028d5e07c8099c",
            "enable_dns_hostnames": true,
            "enable_dns_support": true,
            "enable_network_address_usage_metrics": false,
            "id": "vpc-01e40a7ec62ca44e2",
            "instance_tenancy": "default",
            "ipv4_ipam_pool_id": null,
            "ipv4_netmask_length": null,
            "ipv6_association_id": "",
            "ipv6_cidr_block": "",
            "ipv6_cidr_block_network_border_group": "",
            "ipv6_ipam_pool_id": "",
            "ipv6_netmask_length": 0,
            "main_route_table_id": "rtb-0fc0791d6b3f3a392",
            "owner_id": "355366859850",
            "tags": {
              "Name": "VPC Wordpress"
            },
            "tags_all": {
              "Architect": "Luiz Carlos Rodrigues",
              "Company": "Acme Corporation",
              "Environment": "Development",
              "Name": "VPC Wordpress",
              "Owner": "AWS Especializacao",
              "Project": "Project_01 WordPress AWS Migration"
            }
          },
          "sensitive_attributes": [],
          "identity_schema_version": 0,
          "private": "eyJzY2hlbWFfdmVyc2lvbiI6IjEifQ=="
        }
      ]
    }
  ],
  "check_results": null
}
