{
  "version": 4,
  "terraform_version": "1.12.1",
  "serial": 448,
  "lineage": "2f4ef06d-0acf-6495-973b-b99a6cd59c13",
  "outputs": {},
  "resources": [
    {
      "mode": "managed",
      "type": "aws_db_instance",
      "name": "default",
      "provider": "provider[\"registry.terraform.io/hashicorp/aws\"]",
      "instances": [
        {
          "schema_version": 2,
          "attributes": {
            "address": "wordpressdb.cmpsqoa2ab8c.us-east-1.rds.amazonaws.com",
            "allocated_storage": 20,
            "allow_major_version_upgrade": null,
            "apply_immediately": false,
            "arn": "arn:aws:rds:us-east-1:355366859850:db:wordpressdb",
            "auto_minor_version_upgrade": true,
            "availability_zone": "us-east-1b",
            "backup_retention_period": 7,
            "backup_target": "region",
            "backup_window": "03:00-04:00",
            "blue_green_update": [],
            "ca_cert_identifier": "rds-ca-rsa2048-g1",
            "character_set_name": "",
            "copy_tags_to_snapshot": false,
            "custom_iam_instance_profile": "",
            "customer_owned_ip_enabled": false,
            "database_insights_mode": "standard",
            "db_name": "",
            "db_subnet_group_name": "wp_db_wordpress_grp",
            "dedicated_log_volume": false,
            "delete_automated_backups": true,
            "deletion_protection": false,
            "domain": "",
            "domain_auth_secret_arn": "",
            "domain_dns_ips": null,
            "domain_fqdn": "",
            "domain_iam_role_name": "",
            "domain_ou": "",
            "enabled_cloudwatch_logs_exports": null,
            "endpoint": "wordpressdb.cmpsqoa2ab8c.us-east-1.rds.amazonaws.com:3306",
            "engine": "mysql",
            "engine_lifecycle_support": "open-source-rds-extended-support",
            "engine_version": "5.7",
            "engine_version_actual": "5.7.44-rds.20250213",
            "final_snapshot_identifier": "my-db-3",
            "hosted_zone_id": "Z2R2ITUGPM61AM",
            "iam_database_authentication_enabled": false,
            "id": "db-SXTGF5RANX3YEDVVURY7PLG4KI",
            "identifier": "wordpressdb",
            "identifier_prefix": "",
            "instance_class": "db.t3.medium",
            "iops": 0,
            "kms_key_id": "arn:aws:kms:us-east-1:355366859850:key/adc69fed-0ce6-4de2-b8fd-216f95fe9c06",
            "latest_restorable_time": "2025-06-06T20:13:45Z",
            "license_model": "general-public-license",
            "listener_endpoint": [],
            "maintenance_window": "mon:04:00-mon:04:30",
            "manage_master_user_password": null,
            "master_user_secret": [],
            "master_user_secret_kms_key_id": null,
            "max_allocated_storage": 0,
            "monitoring_interval": 60,
            "monitoring_role_arn": "arn:aws:iam::355366859850:role/rds-monitoring-role",
            "multi_az": true,
            "nchar_character_set_name": "",
            "network_type": "IPV4",
            "option_group_name": "default:mysql-5-7",
            "parameter_group_name": "mysql",
            "password": "admin$1234",
            "password_wo": null,
            "password_wo_version": null,
            "performance_insights_enabled": true,
            "performance_insights_kms_key_id": "arn:aws:kms:us-east-1:355366859850:key/401d14ce-c240-48c7-b1e3-544c6015b4da",
            "performance_insights_retention_period": 7,
            "port": 3306,
            "publicly_accessible": false,
            "replica_mode": "",
            "replicas": [],
            "replicate_source_db": "",
            "resource_id": "db-SXTGF5RANX3YEDVVURY7PLG4KI",
            "restore_to_point_in_time": [],
            "s3_import": [],
            "skip_final_snapshot": false,
            "snapshot_identifier": null,
            "status": "available",
            "storage_encrypted": true,
            "storage_throughput": 0,
            "storage_type": "gp2",
            "tags": null,
            "tags_all": {
              "Architect": "Luiz Carlos Rodrigues",
              "Company": "Acme Corporation",
              "Environment": "Development",
              "Owner": "AWS Especializacao",
              "Project": "Project_01 WordPress AWS Migration"
            },
            "timeouts": null,
            "timezone": "",
            "upgrade_storage_config": null,
            "username": "admin",
            "vpc_security_group_ids": [
              "sg-0579e3b8f6e660e8a"
            ]
          },
          "sensitive_attributes": [
            [
              {
                "type": "get_attr",
                "value": "password"
              }
            ],
            [
              {
                "type": "get_attr",
                "value": "password_wo"
              }
            ]
          ],
          "identity_schema_version": 0,
          "private": "eyJlMmJmYjczMC1lY2FhLTExZTYtOGY4OC0zNDM2M2JjN2M0YzAiOnsiY3JlYXRlIjozMDAwMDAwMDAwMDAwLCJkZWxldGUiOjM2MDAwMDAwMDAwMDAsInVwZGF0ZSI6NDgwMDAwMDAwMDAwMH0sInNjaGVtYV92ZXJzaW9uIjoiMiJ9",
          "dependencies": [
            "aws_db_parameter_group.my_db_pmg",
            "aws_db_subnet_group.wp_db_wordpress_subnet_grp",
            "aws_iam_role.rds_monitoring_role",
            "aws_kms_key.rds_kms_key",
            "aws_security_group.sg_wordpress",
            "aws_subnet.subnet_wordpress_private_01",
            "aws_subnet.subnet_wordpress_private_02",
            "aws_vpc.vpc_wordpress"
          ]
        }
      ]
    },
    {
      "mode": "managed",
      "type": "aws_db_instance",
      "name": "replica",
      "provider": "provider[\"registry.terraform.io/hashicorp/aws\"]",
      "instances": [
        {
          "status": "tainted",
          "schema_version": 2,
          "attributes": {
            "address": null,
            "allocated_storage": null,
            "allow_major_version_upgrade": null,
            "apply_immediately": false,
            "arn": null,
            "auto_minor_version_upgrade": true,
            "availability_zone": null,
            "backup_retention_period": 7,
            "backup_target": null,
            "backup_window": "03:00-04:00",
            "blue_green_update": [],
            "ca_cert_identifier": null,
            "character_set_name": null,
            "copy_tags_to_snapshot": false,
            "custom_iam_instance_profile": null,
            "customer_owned_ip_enabled": null,
            "database_insights_mode": null,
            "db_name": null,
            "db_subnet_group_name": null,
            "dedicated_log_volume": false,
            "delete_automated_backups": true,
            "deletion_protection": null,
            "domain": null,
            "domain_auth_secret_arn": null,
            "domain_dns_ips": null,
            "domain_fqdn": null,
            "domain_iam_role_name": null,
            "domain_ou": null,
            "enabled_cloudwatch_logs_exports": null,
            "endpoint": null,
            "engine": null,
            "engine_lifecycle_support": null,
            "engine_version": null,
            "engine_version_actual": null,
            "final_snapshot_identifier": null,
            "hosted_zone_id": null,
            "iam_database_authentication_enabled": null,
            "id": "db-GWZDARIHY43A342A7YANBKQ4QI",
            "identifier": null,
            "identifier_prefix": null,
            "instance_class": "db.t3.medium",
            "iops": null,
            "kms_key_id": "arn:aws:kms:us-east-1:355366859850:key/adc69fed-0ce6-4de2-b8fd-216f95fe9c06",
            "latest_restorable_time": null,
            "license_model": null,
            "listener_endpoint": null,
            "maintenance_window": "mon:04:00-mon:04:30",
            "manage_master_user_password": null,
            "master_user_secret": null,
            "master_user_secret_kms_key_id": null,
            "max_allocated_storage": null,
            "monitoring_interval": 60,
            "monitoring_role_arn": "arn:aws:iam::355366859850:role/rds-monitoring-role",
            "multi_az": true,
            "nchar_character_set_name": null,
            "network_type": null,
            "option_group_name": null,
            "parameter_group_name": "mysql",
            "password": null,
            "password_wo": null,
            "password_wo_version": null,
            "performance_insights_enabled": true,
            "performance_insights_kms_key_id": null,
            "performance_insights_retention_period": null,
            "port": null,
            "publicly_accessible": false,
            "replica_mode": null,
            "replicas": null,
            "replicate_source_db": "wordpressdb",
            "resource_id": null,
            "restore_to_point_in_time": [],
            "s3_import": [],
            "skip_final_snapshot": true,
            "snapshot_identifier": null,
            "status": null,
            "storage_encrypted": true,
            "storage_throughput": null,
            "storage_type": null,
            "tags": null,
            "tags_all": {
              "Architect": "Luiz Carlos Rodrigues",
              "Company": "Acme Corporation",
              "Environment": "Development",
              "Owner": "AWS Especializacao",
              "Project": "Project_01 WordPress AWS Migration"
            },
            "timeouts": null,
            "timezone": null,
            "upgrade_storage_config": null,
            "username": null,
            "vpc_security_group_ids": [
              "sg-0579e3b8f6e660e8a"
            ]
          },
          "sensitive_attributes": [
            [
              {
                "type": "get_attr",
                "value": "password"
              }
            ],
            [
              {
                "type": "get_attr",
                "value": "password_wo"
              }
            ]
          ],
          "identity_schema_version": 0,
          "private": "eyJlMmJmYjczMC1lY2FhLTExZTYtOGY4OC0zNDM2M2JjN2M0YzAiOnsiY3JlYXRlIjozMDAwMDAwMDAwMDAwLCJkZWxldGUiOjM2MDAwMDAwMDAwMDAsInVwZGF0ZSI6NDgwMDAwMDAwMDAwMH0sInNjaGVtYV92ZXJzaW9uIjoiMiJ9",
          "dependencies": [
            "aws_db_instance.default",
            "aws_db_parameter_group.my_db_pmg",
            "aws_db_subnet_group.wp_db_wordpress_subnet_grp",
            "aws_iam_role.rds_monitoring_role",
            "aws_kms_key.rds_kms_key",
            "aws_security_group.sg_wordpress",
            "aws_subnet.subnet_wordpress_private_01",
            "aws_subnet.subnet_wordpress_private_02",
            "aws_vpc.vpc_wordpress"
          ]
        }
      ]
    },
    {
      "mode": "managed",
      "type": "aws_db_parameter_group",
      "name": "my_db_pmg",
      "provider": "provider[\"registry.terraform.io/hashicorp/aws\"]",
      "instances": [
        {
          "schema_version": 0,
          "attributes": {
            "arn": "arn:aws:rds:us-east-1:355366859850:pg:mysql",
            "description": "Managed by Terraform",
            "family": "mysql5.7",
            "id": "mysql",
            "name": "mysql",
            "name_prefix": "",
            "parameter": [
              {
                "apply_method": "immediate",
                "name": "connect_timeout",
                "value": "15"
              }
            ],
            "skip_destroy": false,
            "tags": null,
            "tags_all": {
              "Architect": "Luiz Carlos Rodrigues",
              "Company": "Acme Corporation",
              "Environment": "Development",
              "Owner": "AWS Especializacao",
              "Project": "Project_01 WordPress AWS Migration"
            }
          },
          "sensitive_attributes": [],
          "identity_schema_version": 0,
          "private": "bnVsbA==",
          "create_before_destroy": true
        }
      ]
    },
    {
      "mode": "managed",
      "type": "aws_db_subnet_group",
      "name": "wp_db_wordpress_subnet_grp",
      "provider": "provider[\"registry.terraform.io/hashicorp/aws\"]",
      "instances": [
        {
          "schema_version": 0,
          "attributes": {
            "arn": "arn:aws:rds:us-east-1:355366859850:subgrp:wp_db_wordpress_grp",
            "description": "Managed by Terraform",
            "id": "wp_db_wordpress_grp",
            "name": "wp_db_wordpress_grp",
            "name_prefix": "",
            "subnet_ids": [
              "subnet-074eae42ef7582293",
              "subnet-0b986c6afebeb4fc3"
            ],
            "supported_network_types": [
              "IPV4"
            ],
            "tags": {
              "Name": "rds_subnets_group"
            },
            "tags_all": {
              "Architect": "Luiz Carlos Rodrigues",
              "Company": "Acme Corporation",
              "Environment": "Development",
              "Name": "rds_subnets_group",
              "Owner": "AWS Especializacao",
              "Project": "Project_01 WordPress AWS Migration"
            },
            "vpc_id": "vpc-02ade7f66aa16cc4d"
          },
          "sensitive_attributes": [],
          "identity_schema_version": 0,
          "private": "bnVsbA==",
          "dependencies": [
            "aws_subnet.subnet_wordpress_private_01",
            "aws_subnet.subnet_wordpress_private_02",
            "aws_vpc.vpc_wordpress"
          ]
        }
      ]
    },
    {
      "mode": "managed",
      "type": "aws_iam_instance_profile",
      "name": "ec2_instance_profile",
      "provider": "provider[\"registry.terraform.io/hashicorp/aws\"]",
      "instances": [
        {
          "schema_version": 0,
          "attributes": {
            "arn": "arn:aws:iam::355366859850:instance-profile/ec2_instance_profile",
            "create_date": "2025-06-06T19:58:02Z",
            "id": "ec2_instance_profile",
            "name": "ec2_instance_profile",
            "name_prefix": "",
            "path": "/",
            "role": "002-ec2-s3-read",
            "tags": null,
            "tags_all": {
              "Architect": "Luiz Carlos Rodrigues",
              "Company": "Acme Corporation",
              "Environment": "Development",
              "Owner": "AWS Especializacao",
              "Project": "Project_01 WordPress AWS Migration"
            },
            "unique_id": "AIPAVFPMD6RFDSLHV7YTE"
          },
          "sensitive_attributes": [],
          "identity_schema_version": 0,
          "private": "bnVsbA==",
          "dependencies": [
            "aws_iam_role.ec2-s3-read"
          ]
        }
      ]
    },
    {
      "mode": "managed",
      "type": "aws_iam_policy_attachment",
      "name": "rds_monitoring_attachment",
      "provider": "provider[\"registry.terraform.io/hashicorp/aws\"]",
      "instances": [
        {
          "schema_version": 0,
          "attributes": {
            "groups": null,
            "id": "rds-monitoring-attachment",
            "name": "rds-monitoring-attachment",
            "policy_arn": "arn:aws:iam::aws:policy/service-role/AmazonRDSEnhancedMonitoringRole",
            "roles": [
              "rds-monitoring-role"
            ],
            "users": null
          },
          "sensitive_attributes": [],
          "identity_schema_version": 0,
          "private": "bnVsbA==",
          "dependencies": [
            "aws_iam_role.rds_monitoring_role"
          ]
        }
      ]
    },
    {
      "mode": "managed",
      "type": "aws_iam_role",
      "name": "ec2-s3-read",
      "provider": "provider[\"registry.terraform.io/hashicorp/aws\"]",
      "instances": [
        {
          "schema_version": 0,
          "attributes": {
            "arn": "arn:aws:iam::355366859850:role/002-ec2-s3-read",
            "assume_role_policy": "{\"Statement\":[{\"Action\":\"sts:AssumeRole\",\"Effect\":\"Allow\",\"Principal\":{\"Service\":\"ec2.amazonaws.com\"}}],\"Version\":\"2012-10-17\"}",
            "create_date": "2025-06-06T19:58:01Z",
            "description": "",
            "force_detach_policies": false,
            "id": "002-ec2-s3-read",
            "inline_policy": [],
            "managed_policy_arns": [],
            "max_session_duration": 3600,
            "name": "002-ec2-s3-read",
            "name_prefix": "",
            "path": "/",
            "permissions_boundary": "",
            "tags": null,
            "tags_all": {
              "Architect": "Luiz Carlos Rodrigues",
              "Company": "Acme Corporation",
              "Environment": "Development",
              "Owner": "AWS Especializacao",
              "Project": "Project_01 WordPress AWS Migration"
            },
            "unique_id": "AROAVFPMD6RFPETSB2N3Z"
          },
          "sensitive_attributes": [],
          "identity_schema_version": 0,
          "private": "bnVsbA=="
        }
      ]
    },
    {
      "mode": "managed",
      "type": "aws_iam_role",
      "name": "rds_monitoring_role",
      "provider": "provider[\"registry.terraform.io/hashicorp/aws\"]",
      "instances": [
        {
          "schema_version": 0,
          "attributes": {
            "arn": "arn:aws:iam::355366859850:role/rds-monitoring-role",
            "assume_role_policy": "{\"Statement\":[{\"Action\":\"sts:AssumeRole\",\"Effect\":\"Allow\",\"Principal\":{\"Service\":\"monitoring.rds.amazonaws.com\"}}],\"Version\":\"2012-10-17\"}",
            "create_date": "2025-06-06T19:58:01Z",
            "description": "",
            "force_detach_policies": false,
            "id": "rds-monitoring-role",
            "inline_policy": [],
            "managed_policy_arns": [],
            "max_session_duration": 3600,
            "name": "rds-monitoring-role",
            "name_prefix": "",
            "path": "/",
            "permissions_boundary": "",
            "tags": null,
            "tags_all": {
              "Architect": "Luiz Carlos Rodrigues",
              "Company": "Acme Corporation",
              "Environment": "Development",
              "Owner": "AWS Especializacao",
              "Project": "Project_01 WordPress AWS Migration"
            },
            "unique_id": "AROAVFPMD6RFGFYQSPOQ5"
          },
          "sensitive_attributes": [],
          "identity_schema_version": 0,
          "private": "bnVsbA=="
        }
      ]
    },
    {
      "mode": "managed",
      "type": "aws_iam_role_policy_attachment",
      "name": "ec2_s3_read_policy_attach",
      "provider": "provider[\"registry.terraform.io/hashicorp/aws\"]",
      "instances": [
        {
          "schema_version": 0,
          "attributes": {
            "id": "002-ec2-s3-read-20250606200157950400000001",
            "policy_arn": "arn:aws:iam::aws:policy/AmazonS3ReadOnlyAccess",
            "role": "002-ec2-s3-read"
          },
          "sensitive_attributes": [],
          "identity_schema_version": 0,
          "private": "bnVsbA==",
          "dependencies": [
            "aws_iam_role.ec2-s3-read"
          ]
        }
      ]
    },
    {
      "mode": "managed",
      "type": "aws_instance",
      "name": "ec2_wordpress",
      "provider": "provider[\"registry.terraform.io/hashicorp/aws\"]",
      "instances": [
        {
          "schema_version": 1,
          "attributes": {
            "ami": "ami-0f9de6e2d2f067fca",
            "arn": "arn:aws:ec2:us-east-1:355366859850:instance/i-0e2cdd377ed8da060",
            "associate_public_ip_address": true,
            "availability_zone": "us-east-1a",
            "capacity_reservation_specification": [
              {
                "capacity_reservation_preference": "open",
                "capacity_reservation_target": []
              }
            ],
            "cpu_core_count": 1,
            "cpu_options": [
              {
                "amd_sev_snp": "",
                "core_count": 1,
                "threads_per_core": 1
              }
            ],
            "cpu_threads_per_core": 1,
            "credit_specification": [
              {
                "cpu_credits": "standard"
              }
            ],
            "disable_api_stop": false,
            "disable_api_termination": false,
            "ebs_block_device": [],
            "ebs_optimized": false,
            "enable_primary_ipv6": null,
            "enclave_options": [
              {
                "enabled": false
              }
            ],
            "ephemeral_block_device": [],
            "get_password_data": false,
            "hibernation": false,
            "host_id": "",
            "host_resource_group_arn": null,
            "iam_instance_profile": "ec2_instance_profile",
            "id": "i-0e2cdd377ed8da060",
            "instance_initiated_shutdown_behavior": "stop",
            "instance_lifecycle": "",
            "instance_market_options": [],
            "instance_state": "running",
            "instance_type": "t2.micro",
            "ipv6_address_count": 0,
            "ipv6_addresses": [],
            "key_name": "key_wordpress",
            "launch_template": [],
            "maintenance_options": [
              {
                "auto_recovery": "default"
              }
            ],
            "metadata_options": [
              {
                "http_endpoint": "enabled",
                "http_protocol_ipv6": "disabled",
                "http_put_response_hop_limit": 1,
                "http_tokens": "optional",
                "instance_metadata_tags": "disabled"
              }
            ],
            "monitoring": false,
            "network_interface": [],
            "outpost_arn": "",
            "password_data": "",
            "placement_group": "",
            "placement_partition_number": 0,
            "primary_network_interface_id": "eni-0a774285ee55cb674",
            "private_dns": "ip-10-0-1-165.ec2.internal",
            "private_dns_name_options": [
              {
                "enable_resource_name_dns_a_record": false,
                "enable_resource_name_dns_aaaa_record": false,
                "hostname_type": "ip-name"
              }
            ],
            "private_ip": "10.0.1.165",
            "public_dns": "ec2-34-238-115-145.compute-1.amazonaws.com",
            "public_ip": "34.238.115.145",
            "root_block_device": [
              {
                "delete_on_termination": true,
                "device_name": "/dev/sda1",
                "encrypted": false,
                "iops": 100,
                "kms_key_id": "",
                "tags": {
                  "Architect": "Luiz Carlos Rodrigues",
                  "Company": "Acme Corporation",
                  "Environment": "Development",
                  "Owner": "AWS Especializacao",
                  "Project": "Project_01 WordPress AWS Migration"
                },
                "tags_all": {
                  "Architect": "Luiz Carlos Rodrigues",
                  "Company": "Acme Corporation",
                  "Environment": "Development",
                  "Owner": "AWS Especializacao",
                  "Project": "Project_01 WordPress AWS Migration"
                },
                "throughput": 0,
                "volume_id": "vol-0ac34a6bd691ff89e",
                "volume_size": 8,
                "volume_type": "gp2"
              }
            ],
            "secondary_private_ips": [],
            "security_groups": [
              "sg-0579e3b8f6e660e8a"
            ],
            "source_dest_check": true,
            "spot_instance_request_id": "",
            "subnet_id": "subnet-0145ee10eb6762b2a",
            "tags": {
              "Name": "EC2_WordPress",
              "OS": "Ubuntu 22.04"
            },
            "tags_all": {
              "Architect": "Luiz Carlos Rodrigues",
              "Company": "Acme Corporation",
              "Environment": "Development",
              "Name": "EC2_WordPress",
              "OS": "Ubuntu 22.04",
              "Owner": "AWS Especializacao",
              "Project": "Project_01 WordPress AWS Migration"
            },
            "tenancy": "default",
            "timeouts": null,
            "user_data": "863b520e978348fab17030fd93f4adfc2f3c3c21",
            "user_data_base64": null,
            "user_data_replace_on_change": false,
            "volume_tags": null,
            "vpc_security_group_ids": [
              "sg-0579e3b8f6e660e8a"
            ]
          },
          "sensitive_attributes": [],
          "identity_schema_version": 0,
          "private": "eyJlMmJmYjczMC1lY2FhLTExZTYtOGY4OC0zNDM2M2JjN2M0YzAiOnsiY3JlYXRlIjo2MDAwMDAwMDAwMDAsImRlbGV0ZSI6MTIwMDAwMDAwMDAwMCwicmVhZCI6OTAwMDAwMDAwMDAwLCJ1cGRhdGUiOjYwMDAwMDAwMDAwMH0sInNjaGVtYV92ZXJzaW9uIjoiMSJ9",
          "dependencies": [
            "aws_iam_instance_profile.ec2_instance_profile",
            "aws_iam_role.ec2-s3-read",
            "aws_key_pair.key_wordpress",
            "aws_security_group.sg_wordpress",
            "aws_subnet.subnet_wordpress_public_01",
            "aws_vpc.vpc_wordpress"
          ]
        }
      ]
    },
    {
      "mode": "managed",
      "type": "aws_internet_gateway",
      "name": "igw_wordpress",
      "provider": "provider[\"registry.terraform.io/hashicorp/aws\"]",
      "instances": [
        {
          "schema_version": 0,
          "attributes": {
            "arn": "arn:aws:ec2:us-east-1:355366859850:internet-gateway/igw-016666390ede433db",
            "id": "igw-016666390ede433db",
            "owner_id": "355366859850",
            "tags": {
              "Name": "IGW WordPress"
            },
            "tags_all": {
              "Architect": "Luiz Carlos Rodrigues",
              "Company": "Acme Corporation",
              "Environment": "Development",
              "Name": "IGW WordPress",
              "Owner": "AWS Especializacao",
              "Project": "Project_01 WordPress AWS Migration"
            },
            "timeouts": null,
            "vpc_id": "vpc-02ade7f66aa16cc4d"
          },
          "sensitive_attributes": [],
          "identity_schema_version": 0,
          "private": "eyJlMmJmYjczMC1lY2FhLTExZTYtOGY4OC0zNDM2M2JjN2M0YzAiOnsiY3JlYXRlIjoxMjAwMDAwMDAwMDAwLCJkZWxldGUiOjEyMDAwMDAwMDAwMDAsInVwZGF0ZSI6MTIwMDAwMDAwMDAwMH19",
          "dependencies": [
            "aws_vpc.vpc_wordpress"
          ]
        }
      ]
    },
    {
      "mode": "managed",
      "type": "aws_key_pair",
      "name": "key_wordpress",
      "provider": "provider[\"registry.terraform.io/hashicorp/aws\"]",
      "instances": [
        {
          "schema_version": 1,
          "attributes": {
            "arn": "arn:aws:ec2:us-east-1:355366859850:key-pair/key_wordpress",
            "fingerprint": "ec:b6:b2:12:94:7f:6b:2c:d8:6b:9a:26:ce:c4:e2:44",
            "id": "key_wordpress",
            "key_name": "key_wordpress",
            "key_name_prefix": "",
            "key_pair_id": "key-0cff6b27bf54e2607",
            "key_type": "rsa",
            "public_key": "ssh-rsa AAAAB3NzaC1yc2EAAAADAQABAAACAQCchfKKtbc9k4YcyHHX2PEkt10G4HlYQ0FkdkUBIUlTijXktdoVTfVEPZJLXiN5tboxS4LjUD2NaLbp0L3z8MjlyhqF4YD+Lui+gG8M6lKLrqbjguPePM39wcmFmGu2S/yQTfKLlMrpKszeBwxcDh1tE1ZXHxxphWurhqXp5Kfq1BrdE6gmWl49AfV9mixVHparlGXvDf8Sz1qAKSv0SuMDxTbMfxLUCakIO+u6b6z0sT7Gpp+G3Yv6T0lp0D48oXHwNpQaikyFa07T2RnHCkf67IdiCuhxfekEpzX3d7zb2xY6Hf+H2ZSLbujOQqa5TbxxAHCyXOEpPvBXS+UIa8qUYb796UWOyxVSyf1c20ItrExq/+rSVvhenQLfr6db5C7IQUU4VdfhlTbmAZ0Xue6zY7iMGX3ZaOc1fj4hRQT9E3cjmd50qKXpTVddIimTPXMTqEPTJKxdugdFNBy74nZUqn6ZNtdFeH6xCChJdHcoIIL3S71SLy5fqwWff1C4C05VzYOWoRpE6+vYXBSStBkkYTWa4y5CdkFNR5RYOGphckc3TZGcsZTEUokZKigHCOZSJxeB2nBoYiIwb8a9fRry3AIgPdV6f3tPWG0e0DrAExZxEB1R2iT6c3Vk0JqMgAej76LObJFmeCho8V34aHninClpoovi03i94eFAGT9lYw== lcfrod@lcfrod-IdeaPad",
            "tags": {
              "Name": "WordPress Key Pair"
            },
            "tags_all": {
              "Architect": "Luiz Carlos Rodrigues",
              "Company": "Acme Corporation",
              "Environment": "Development",
              "Name": "WordPress Key Pair",
              "Owner": "AWS Especializacao",
              "Project": "Project_01 WordPress AWS Migration"
            }
          },
          "sensitive_attributes": [],
          "identity_schema_version": 0,
          "private": "eyJzY2hlbWFfdmVyc2lvbiI6IjEifQ=="
        }
      ]
    },
    {
      "mode": "managed",
      "type": "aws_kms_key",
      "name": "rds_kms_key",
      "provider": "provider[\"registry.terraform.io/hashicorp/aws\"]",
      "instances": [
        {
          "schema_version": 0,
          "attributes": {
            "arn": "arn:aws:kms:us-east-1:355366859850:key/adc69fed-0ce6-4de2-b8fd-216f95fe9c06",
            "bypass_policy_lockout_safety_check": false,
            "custom_key_store_id": "",
            "customer_master_key_spec": "SYMMETRIC_DEFAULT",
            "deletion_window_in_days": 30,
            "description": "My KMS Key for RDS Encryption",
            "enable_key_rotation": false,
            "id": "adc69fed-0ce6-4de2-b8fd-216f95fe9c06",
            "is_enabled": true,
            "key_id": "adc69fed-0ce6-4de2-b8fd-216f95fe9c06",
            "key_usage": "ENCRYPT_DECRYPT",
            "multi_region": false,
            "policy": "{\"Id\":\"key-default-1\",\"Statement\":[{\"Action\":\"kms:*\",\"Effect\":\"Allow\",\"Principal\":{\"AWS\":\"arn:aws:iam::355366859850:root\"},\"Resource\":\"*\",\"Sid\":\"Enable IAM User Permissions\"}],\"Version\":\"2012-10-17\"}",
            "rotation_period_in_days": 0,
            "tags": {
              "Name": "MyKMSKey"
            },
            "tags_all": {
              "Architect": "Luiz Carlos Rodrigues",
              "Company": "Acme Corporation",
              "Environment": "Development",
              "Name": "MyKMSKey",
              "Owner": "AWS Especializacao",
              "Project": "Project_01 WordPress AWS Migration"
            },
            "timeouts": null,
            "xks_key_id": ""
          },
          "sensitive_attributes": [],
          "identity_schema_version": 0,
          "private": "eyJlMmJmYjczMC1lY2FhLTExZTYtOGY4OC0zNDM2M2JjN2M0YzAiOnsiY3JlYXRlIjoxMjAwMDAwMDAwMDB9fQ=="
        }
      ]
    },
    {
      "mode": "managed",
      "type": "aws_lb",
      "name": "lb_wordpress_internet_facing",
      "provider": "provider[\"registry.terraform.io/hashicorp/aws\"]",
      "instances": [
        {
          "schema_version": 0,
          "attributes": {
            "access_logs": [
              {
                "bucket": "",
                "enabled": false,
                "prefix": ""
              }
            ],
            "arn": "arn:aws:elasticloadbalancing:us-east-1:355366859850:loadbalancer/app/lb-wordpress-internet-facing/49e80dbf049edc44",
            "arn_suffix": "app/lb-wordpress-internet-facing/49e80dbf049edc44",
            "client_keep_alive": 3600,
            "connection_logs": [
              {
                "bucket": "",
                "enabled": false,
                "prefix": ""
              }
            ],
            "customer_owned_ipv4_pool": "",
            "desync_mitigation_mode": "defensive",
            "dns_name": "lb-wordpress-internet-facing-448809927.us-east-1.elb.amazonaws.com",
            "dns_record_client_routing_policy": null,
            "drop_invalid_header_fields": false,
            "enable_cross_zone_load_balancing": true,
            "enable_deletion_protection": false,
            "enable_http2": true,
            "enable_tls_version_and_cipher_suite_headers": false,
            "enable_waf_fail_open": false,
            "enable_xff_client_port": false,
            "enable_zonal_shift": false,
            "enforce_security_group_inbound_rules_on_private_link_traffic": "",
            "id": "arn:aws:elasticloadbalancing:us-east-1:355366859850:loadbalancer/app/lb-wordpress-internet-facing/49e80dbf049edc44",
            "idle_timeout": 60,
            "internal": false,
            "ip_address_type": "ipv4",
            "ipam_pools": [],
            "load_balancer_type": "application",
            "minimum_load_balancer_capacity": [],
            "name": "lb-wordpress-internet-facing",
            "name_prefix": "",
            "preserve_host_header": false,
            "security_groups": [
              "sg-0579e3b8f6e660e8a"
            ],
            "subnet_mapping": [
              {
                "allocation_id": "",
                "ipv6_address": "",
                "outpost_id": "",
                "private_ipv4_address": "",
                "subnet_id": "subnet-0145ee10eb6762b2a"
              },
              {
                "allocation_id": "",
                "ipv6_address": "",
                "outpost_id": "",
                "private_ipv4_address": "",
                "subnet_id": "subnet-0df247d48eb119ace"
              }
            ],
            "subnets": [
              "subnet-0145ee10eb6762b2a",
              "subnet-0df247d48eb119ace"
            ],
            "tags": null,
            "tags_all": {
              "Architect": "Luiz Carlos Rodrigues",
              "Company": "Acme Corporation",
              "Environment": "Development",
              "Owner": "AWS Especializacao",
              "Project": "Project_01 WordPress AWS Migration"
            },
            "timeouts": null,
            "vpc_id": "vpc-02ade7f66aa16cc4d",
            "xff_header_processing_mode": "append",
            "zone_id": "Z35SXDOTRQ7X7K"
          },
          "sensitive_attributes": [],
          "identity_schema_version": 0,
          "private": "eyJlMmJmYjczMC1lY2FhLTExZTYtOGY4OC0zNDM2M2JjN2M0YzAiOnsiY3JlYXRlIjo2MDAwMDAwMDAwMDAsImRlbGV0ZSI6NjAwMDAwMDAwMDAwLCJ1cGRhdGUiOjYwMDAwMDAwMDAwMH19",
          "dependencies": [
            "aws_security_group.sg_wordpress",
            "aws_subnet.subnet_wordpress_public_01",
            "aws_subnet.subnet_wordpress_public_02",
            "aws_vpc.vpc_wordpress"
          ]
        }
      ]
    },
    {
      "mode": "managed",
      "type": "aws_network_acl",
      "name": "acl_wordpress_private",
      "provider": "provider[\"registry.terraform.io/hashicorp/aws\"]",
      "instances": [
        {
          "schema_version": 0,
          "attributes": {
            "arn": "arn:aws:ec2:us-east-1:355366859850:network-acl/acl-079df2b90956a75b0",
            "egress": [
              {
                "action": "allow",
                "cidr_block": "0.0.0.0/0",
                "from_port": 1024,
                "icmp_code": null,
                "icmp_type": null,
                "ipv6_cidr_block": "",
                "protocol": "tcp",
                "rule_no": 300,
                "to_port": 65535
              }
            ],
            "id": "acl-079df2b90956a75b0",
            "ingress": [
              {
                "action": "allow",
                "cidr_block": "0.0.0.0/0",
                "from_port": 1024,
                "icmp_code": null,
                "icmp_type": null,
                "ipv6_cidr_block": "",
                "protocol": "tcp",
                "rule_no": 200,
                "to_port": 65535
              },
              {
                "action": "allow",
                "cidr_block": "0.0.0.0/0",
                "from_port": 3306,
                "icmp_code": null,
                "icmp_type": null,
                "ipv6_cidr_block": "",
                "protocol": "tcp",
                "rule_no": 100,
                "to_port": 3306
              }
            ],
            "owner_id": "355366859850",
            "subnet_ids": [
              "subnet-0145ee10eb6762b2a",
              "subnet-0df247d48eb119ace"
            ],
            "tags": {
              "Name": "acl_wordpress_private"
            },
            "tags_all": {
              "Architect": "Luiz Carlos Rodrigues",
              "Company": "Acme Corporation",
              "Environment": "Development",
              "Name": "acl_wordpress_private",
              "Owner": "AWS Especializacao",
              "Project": "Project_01 WordPress AWS Migration"
            },
            "vpc_id": "vpc-02ade7f66aa16cc4d"
          },
          "sensitive_attributes": [],
          "identity_schema_version": 0,
          "private": "bnVsbA==",
          "dependencies": [
            "aws_subnet.subnet_wordpress_public_01",
            "aws_subnet.subnet_wordpress_public_02",
            "aws_vpc.vpc_wordpress"
          ]
        }
      ]
    },
    {
      "mode": "managed",
      "type": "aws_network_acl",
      "name": "acl_wordpress_public",
      "provider": "provider[\"registry.terraform.io/hashicorp/aws\"]",
      "instances": [
        {
          "schema_version": 0,
          "attributes": {
            "arn": "arn:aws:ec2:us-east-1:355366859850:network-acl/acl-053dd1fd17beca6be",
            "egress": [
              {
                "action": "allow",
                "cidr_block": "0.0.0.0/0",
                "from_port": 0,
                "icmp_code": null,
                "icmp_type": null,
                "ipv6_cidr_block": "",
                "protocol": "all",
                "rule_no": 100,
                "to_port": 0
              },
              {
                "action": "allow",
                "cidr_block": "0.0.0.0/0",
                "from_port": 1024,
                "icmp_code": null,
                "icmp_type": null,
                "ipv6_cidr_block": "",
                "protocol": "tcp",
                "rule_no": 300,
                "to_port": 65535
              }
            ],
            "id": "acl-053dd1fd17beca6be",
            "ingress": [
              {
                "action": "allow",
                "cidr_block": "0.0.0.0/0",
                "from_port": 1024,
                "icmp_code": null,
                "icmp_type": null,
                "ipv6_cidr_block": "",
                "protocol": "tcp",
                "rule_no": 300,
                "to_port": 65535
              },
              {
                "action": "allow",
                "cidr_block": "0.0.0.0/0",
                "from_port": 22,
                "icmp_code": null,
                "icmp_type": null,
                "ipv6_cidr_block": "",
                "protocol": "tcp",
                "rule_no": 100,
                "to_port": 22
              },
              {
                "action": "allow",
                "cidr_block": "0.0.0.0/0",
                "from_port": 443,
                "icmp_code": null,
                "icmp_type": null,
                "ipv6_cidr_block": "",
                "protocol": "tcp",
                "rule_no": 120,
                "to_port": 443
              },
              {
                "action": "allow",
                "cidr_block": "0.0.0.0/0",
                "from_port": 80,
                "icmp_code": null,
                "icmp_type": null,
                "ipv6_cidr_block": "",
                "protocol": "tcp",
                "rule_no": 110,
                "to_port": 80
              }
            ],
            "owner_id": "355366859850",
            "subnet_ids": [
              "subnet-0145ee10eb6762b2a",
              "subnet-0df247d48eb119ace"
            ],
            "tags": {
              "Name": "acl_wordpress_public"
            },
            "tags_all": {
              "Architect": "Luiz Carlos Rodrigues",
              "Company": "Acme Corporation",
              "Environment": "Development",
              "Name": "acl_wordpress_public",
              "Owner": "AWS Especializacao",
              "Project": "Project_01 WordPress AWS Migration"
            },
            "vpc_id": "vpc-02ade7f66aa16cc4d"
          },
          "sensitive_attributes": [],
          "identity_schema_version": 0,
          "private": "bnVsbA==",
          "dependencies": [
            "aws_subnet.subnet_wordpress_public_01",
            "aws_subnet.subnet_wordpress_public_02",
            "aws_vpc.vpc_wordpress"
          ]
        }
      ]
    },
    {
      "mode": "managed",
      "type": "aws_route",
      "name": "route_default_public_subnet_01",
      "provider": "provider[\"registry.terraform.io/hashicorp/aws\"]",
      "instances": [
        {
          "schema_version": 0,
          "attributes": {
            "carrier_gateway_id": "",
            "core_network_arn": "",
            "destination_cidr_block": "0.0.0.0/0",
            "destination_ipv6_cidr_block": "",
            "destination_prefix_list_id": "",
            "egress_only_gateway_id": "",
            "gateway_id": "igw-016666390ede433db",
            "id": "r-rtb-0219b3b1730913dc11080289494",
            "instance_id": "",
            "instance_owner_id": "",
            "local_gateway_id": "",
            "nat_gateway_id": "",
            "network_interface_id": "",
            "origin": "CreateRoute",
            "route_table_id": "rtb-0219b3b1730913dc1",
            "state": "active",
            "timeouts": null,
            "transit_gateway_id": "",
            "vpc_endpoint_id": "",
            "vpc_peering_connection_id": ""
          },
          "sensitive_attributes": [],
          "identity_schema_version": 0,
          "private": "eyJlMmJmYjczMC1lY2FhLTExZTYtOGY4OC0zNDM2M2JjN2M0YzAiOnsiY3JlYXRlIjozMDAwMDAwMDAwMDAsImRlbGV0ZSI6MzAwMDAwMDAwMDAwLCJ1cGRhdGUiOjEyMDAwMDAwMDAwMH19",
          "dependencies": [
            "aws_internet_gateway.igw_wordpress",
            "aws_route_table.rt_wordpress_public",
            "aws_vpc.vpc_wordpress"
          ]
        }
      ]
    },
    {
      "mode": "managed",
      "type": "aws_route",
      "name": "route_default_public_subnet_02",
      "provider": "provider[\"registry.terraform.io/hashicorp/aws\"]",
      "instances": [
        {
          "schema_version": 0,
          "attributes": {
            "carrier_gateway_id": "",
            "core_network_arn": "",
            "destination_cidr_block": "0.0.0.0/0",
            "destination_ipv6_cidr_block": "",
            "destination_prefix_list_id": "",
            "egress_only_gateway_id": "",
            "gateway_id": "igw-016666390ede433db",
            "id": "r-rtb-0219b3b1730913dc11080289494",
            "instance_id": "",
            "instance_owner_id": "",
            "local_gateway_id": "",
            "nat_gateway_id": "",
            "network_interface_id": "",
            "origin": "CreateRoute",
            "route_table_id": "rtb-0219b3b1730913dc1",
            "state": "active",
            "timeouts": null,
            "transit_gateway_id": "",
            "vpc_endpoint_id": "",
            "vpc_peering_connection_id": ""
          },
          "sensitive_attributes": [],
          "identity_schema_version": 0,
          "private": "eyJlMmJmYjczMC1lY2FhLTExZTYtOGY4OC0zNDM2M2JjN2M0YzAiOnsiY3JlYXRlIjozMDAwMDAwMDAwMDAsImRlbGV0ZSI6MzAwMDAwMDAwMDAwLCJ1cGRhdGUiOjEyMDAwMDAwMDAwMH19",
          "dependencies": [
            "aws_internet_gateway.igw_wordpress",
            "aws_route_table.rt_wordpress_public",
            "aws_vpc.vpc_wordpress"
          ]
        }
      ]
    },
    {
      "mode": "managed",
      "type": "aws_route_table",
      "name": "rt_wordpress_private",
      "provider": "provider[\"registry.terraform.io/hashicorp/aws\"]",
      "instances": [
        {
          "schema_version": 0,
          "attributes": {
            "arn": "arn:aws:ec2:us-east-1:355366859850:route-table/rtb-0f15680accce8be42",
            "id": "rtb-0f15680accce8be42",
            "owner_id": "355366859850",
            "propagating_vgws": [],
            "route": [],
            "tags": {
              "Name": "rt_wordpress_private"
            },
            "tags_all": {
              "Architect": "Luiz Carlos Rodrigues",
              "Company": "Acme Corporation",
              "Environment": "Development",
              "Name": "rt_wordpress_private",
              "Owner": "AWS Especializacao",
              "Project": "Project_01 WordPress AWS Migration"
            },
            "timeouts": null,
            "vpc_id": "vpc-02ade7f66aa16cc4d"
          },
          "sensitive_attributes": [],
          "identity_schema_version": 0,
          "private": "eyJlMmJmYjczMC1lY2FhLTExZTYtOGY4OC0zNDM2M2JjN2M0YzAiOnsiY3JlYXRlIjozMDAwMDAwMDAwMDAsImRlbGV0ZSI6MzAwMDAwMDAwMDAwLCJ1cGRhdGUiOjEyMDAwMDAwMDAwMH19",
          "dependencies": [
            "aws_vpc.vpc_wordpress"
          ]
        }
      ]
    },
    {
      "mode": "managed",
      "type": "aws_route_table",
      "name": "rt_wordpress_public",
      "provider": "provider[\"registry.terraform.io/hashicorp/aws\"]",
      "instances": [
        {
          "schema_version": 0,
          "attributes": {
            "arn": "arn:aws:ec2:us-east-1:355366859850:route-table/rtb-0219b3b1730913dc1",
            "id": "rtb-0219b3b1730913dc1",
            "owner_id": "355366859850",
            "propagating_vgws": [],
            "route": [],
            "tags": {
              "Name": "rt_wordpress_public"
            },
            "tags_all": {
              "Architect": "Luiz Carlos Rodrigues",
              "Company": "Acme Corporation",
              "Environment": "Development",
              "Name": "rt_wordpress_public",
              "Owner": "AWS Especializacao",
              "Project": "Project_01 WordPress AWS Migration"
            },
            "timeouts": null,
            "vpc_id": "vpc-02ade7f66aa16cc4d"
          },
          "sensitive_attributes": [],
          "identity_schema_version": 0,
          "private": "eyJlMmJmYjczMC1lY2FhLTExZTYtOGY4OC0zNDM2M2JjN2M0YzAiOnsiY3JlYXRlIjozMDAwMDAwMDAwMDAsImRlbGV0ZSI6MzAwMDAwMDAwMDAwLCJ1cGRhdGUiOjEyMDAwMDAwMDAwMH19",
          "dependencies": [
            "aws_vpc.vpc_wordpress"
          ]
        }
      ]
    },
    {
      "mode": "managed",
      "type": "aws_route_table_association",
      "name": "rt_assoc_wordpress_private_01",
      "provider": "provider[\"registry.terraform.io/hashicorp/aws\"]",
      "instances": [
        {
          "schema_version": 0,
          "attributes": {
            "gateway_id": "",
            "id": "rtbassoc-066d09c02bfd0716b",
            "route_table_id": "rtb-0f15680accce8be42",
            "subnet_id": "subnet-0b986c6afebeb4fc3",
            "timeouts": null
          },
          "sensitive_attributes": [],
          "identity_schema_version": 0,
          "private": "eyJlMmJmYjczMC1lY2FhLTExZTYtOGY4OC0zNDM2M2JjN2M0YzAiOnsiY3JlYXRlIjozMDAwMDAwMDAwMDAsImRlbGV0ZSI6MzAwMDAwMDAwMDAwLCJ1cGRhdGUiOjEyMDAwMDAwMDAwMH19",
          "dependencies": [
            "aws_route_table.rt_wordpress_private",
            "aws_subnet.subnet_wordpress_private_01",
            "aws_vpc.vpc_wordpress"
          ]
        }
      ]
    },
    {
      "mode": "managed",
      "type": "aws_route_table_association",
      "name": "rt_assoc_wordpress_private_02",
      "provider": "provider[\"registry.terraform.io/hashicorp/aws\"]",
      "instances": [
        {
          "schema_version": 0,
          "attributes": {
            "gateway_id": "",
            "id": "rtbassoc-0041477e407aa2c30",
            "route_table_id": "rtb-0f15680accce8be42",
            "subnet_id": "subnet-074eae42ef7582293",
            "timeouts": null
          },
          "sensitive_attributes": [],
          "identity_schema_version": 0,
          "private": "eyJlMmJmYjczMC1lY2FhLTExZTYtOGY4OC0zNDM2M2JjN2M0YzAiOnsiY3JlYXRlIjozMDAwMDAwMDAwMDAsImRlbGV0ZSI6MzAwMDAwMDAwMDAwLCJ1cGRhdGUiOjEyMDAwMDAwMDAwMH19",
          "dependencies": [
            "aws_route_table.rt_wordpress_private",
            "aws_subnet.subnet_wordpress_private_02",
            "aws_vpc.vpc_wordpress"
          ]
        }
      ]
    },
    {
      "mode": "managed",
      "type": "aws_route_table_association",
      "name": "rt_assoc_wordpress_public_01",
      "provider": "provider[\"registry.terraform.io/hashicorp/aws\"]",
      "instances": [
        {
          "schema_version": 0,
          "attributes": {
            "gateway_id": "",
            "id": "rtbassoc-032d9d4a066b032e9",
            "route_table_id": "rtb-0219b3b1730913dc1",
            "subnet_id": "subnet-0145ee10eb6762b2a",
            "timeouts": null
          },
          "sensitive_attributes": [],
          "identity_schema_version": 0,
          "private": "eyJlMmJmYjczMC1lY2FhLTExZTYtOGY4OC0zNDM2M2JjN2M0YzAiOnsiY3JlYXRlIjozMDAwMDAwMDAwMDAsImRlbGV0ZSI6MzAwMDAwMDAwMDAwLCJ1cGRhdGUiOjEyMDAwMDAwMDAwMH19",
          "dependencies": [
            "aws_route_table.rt_wordpress_public",
            "aws_subnet.subnet_wordpress_public_01",
            "aws_vpc.vpc_wordpress"
          ]
        }
      ]
    },
    {
      "mode": "managed",
      "type": "aws_route_table_association",
      "name": "rt_assoc_wordpress_public_02",
      "provider": "provider[\"registry.terraform.io/hashicorp/aws\"]",
      "instances": [
        {
          "schema_version": 0,
          "attributes": {
            "gateway_id": "",
            "id": "rtbassoc-055f7545fd1b87076",
            "route_table_id": "rtb-0219b3b1730913dc1",
            "subnet_id": "subnet-0df247d48eb119ace",
            "timeouts": null
          },
          "sensitive_attributes": [],
          "identity_schema_version": 0,
          "private": "eyJlMmJmYjczMC1lY2FhLTExZTYtOGY4OC0zNDM2M2JjN2M0YzAiOnsiY3JlYXRlIjozMDAwMDAwMDAwMDAsImRlbGV0ZSI6MzAwMDAwMDAwMDAwLCJ1cGRhdGUiOjEyMDAwMDAwMDAwMH19",
          "dependencies": [
            "aws_route_table.rt_wordpress_public",
            "aws_subnet.subnet_wordpress_public_02",
            "aws_vpc.vpc_wordpress"
          ]
        }
      ]
    },
    {
      "mode": "managed",
      "type": "aws_security_group",
      "name": "RDS_allow_rule",
      "provider": "provider[\"registry.terraform.io/hashicorp/aws\"]",
      "instances": [
        {
          "schema_version": 1,
          "attributes": {
            "arn": "arn:aws:ec2:us-east-1:355366859850:security-group/sg-0cdb9eed3062bb9ed",
            "description": "Managed by Terraform",
            "egress": [
              {
                "cidr_blocks": [
                  "0.0.0.0/0"
                ],
                "description": "",
                "from_port": 0,
                "ipv6_cidr_blocks": [],
                "prefix_list_ids": [],
                "protocol": "-1",
                "security_groups": [],
                "self": false,
                "to_port": 0
              }
            ],
            "id": "sg-0cdb9eed3062bb9ed",
            "ingress": [
              {
                "cidr_blocks": [],
                "description": "",
                "from_port": 3306,
                "ipv6_cidr_blocks": [],
                "prefix_list_ids": [],
                "protocol": "tcp",
                "security_groups": [
                  "sg-0579e3b8f6e660e8a"
                ],
                "self": false,
                "to_port": 3306
              }
            ],
            "name": "terraform-20250606200213352000000007",
            "name_prefix": "terraform-",
            "owner_id": "355366859850",
            "revoke_rules_on_delete": false,
            "tags": {
              "Name": "RDS_allow_rule ec2"
            },
            "tags_all": {
              "Architect": "Luiz Carlos Rodrigues",
              "Company": "Acme Corporation",
              "Environment": "Development",
              "Name": "RDS_allow_rule ec2",
              "Owner": "AWS Especializacao",
              "Project": "Project_01 WordPress AWS Migration"
            },
            "timeouts": null,
            "vpc_id": "vpc-02ade7f66aa16cc4d"
          },
          "sensitive_attributes": [],
          "identity_schema_version": 0,
          "private": "eyJlMmJmYjczMC1lY2FhLTExZTYtOGY4OC0zNDM2M2JjN2M0YzAiOnsiY3JlYXRlIjo2MDAwMDAwMDAwMDAsImRlbGV0ZSI6OTAwMDAwMDAwMDAwfSwic2NoZW1hX3ZlcnNpb24iOiIxIn0=",
          "dependencies": [
            "aws_security_group.sg_wordpress",
            "aws_vpc.vpc_wordpress"
          ]
        }
      ]
    },
    {
      "mode": "managed",
      "type": "aws_security_group",
      "name": "sg_wordpress",
      "provider": "provider[\"registry.terraform.io/hashicorp/aws\"]",
      "instances": [
        {
          "schema_version": 1,
          "attributes": {
            "arn": "arn:aws:ec2:us-east-1:355366859850:security-group/sg-0579e3b8f6e660e8a",
            "description": "Security Group for WordPress Project",
            "egress": [
              {
                "cidr_blocks": [
                  "0.0.0.0/0"
                ],
                "description": "Liberate Outbound",
                "from_port": 0,
                "ipv6_cidr_blocks": [],
                "prefix_list_ids": [],
                "protocol": "-1",
                "security_groups": [],
                "self": false,
                "to_port": 0
              }
            ],
            "id": "sg-0579e3b8f6e660e8a",
            "ingress": [
              {
                "cidr_blocks": [
                  "0.0.0.0/0"
                ],
                "description": "Allow ping ",
                "from_port": 8,
                "ipv6_cidr_blocks": [],
                "prefix_list_ids": [],
                "protocol": "icmp",
                "security_groups": [],
                "self": false,
                "to_port": 8
              },
              {
                "cidr_blocks": [
                  "0.0.0.0/0"
                ],
                "description": "Liberate Inboud HTTP",
                "from_port": 80,
                "ipv6_cidr_blocks": [],
                "prefix_list_ids": [],
                "protocol": "tcp",
                "security_groups": [],
                "self": false,
                "to_port": 80
              },
              {
                "cidr_blocks": [
                  "0.0.0.0/0"
                ],
                "description": "Liberate Inboud SSH",
                "from_port": 22,
                "ipv6_cidr_blocks": [],
                "prefix_list_ids": [],
                "protocol": "tcp",
                "security_groups": [],
                "self": false,
                "to_port": 22
              },
              {
                "cidr_blocks": [
                  "0.0.0.0/0"
                ],
                "description": "Liberate Inbound HTTPS",
                "from_port": 443,
                "ipv6_cidr_blocks": [],
                "prefix_list_ids": [],
                "protocol": "tcp",
                "security_groups": [],
                "self": false,
                "to_port": 443
              }
            ],
            "name": "sg_wordpress20250606200209864700000004",
            "name_prefix": "sg_wordpress",
            "owner_id": "355366859850",
            "revoke_rules_on_delete": false,
            "tags": null,
            "tags_all": {
              "Architect": "Luiz Carlos Rodrigues",
              "Company": "Acme Corporation",
              "Environment": "Development",
              "Owner": "AWS Especializacao",
              "Project": "Project_01 WordPress AWS Migration"
            },
            "timeouts": null,
            "vpc_id": "vpc-02ade7f66aa16cc4d"
          },
          "sensitive_attributes": [],
          "identity_schema_version": 0,
          "private": "eyJlMmJmYjczMC1lY2FhLTExZTYtOGY4OC0zNDM2M2JjN2M0YzAiOnsiY3JlYXRlIjo2MDAwMDAwMDAwMDAsImRlbGV0ZSI6OTAwMDAwMDAwMDAwfSwic2NoZW1hX3ZlcnNpb24iOiIxIn0=",
          "dependencies": [
            "aws_vpc.vpc_wordpress"
          ]
        }
      ]
    },
    {
      "mode": "managed",
      "type": "aws_subnet",
      "name": "subnet_wordpress_private_01",
      "provider": "provider[\"registry.terraform.io/hashicorp/aws\"]",
      "instances": [
        {
          "schema_version": 1,
          "attributes": {
            "arn": "arn:aws:ec2:us-east-1:355366859850:subnet/subnet-0b986c6afebeb4fc3",
            "assign_ipv6_address_on_creation": false,
            "availability_zone": "us-east-1a",
            "availability_zone_id": "use1-az2",
            "cidr_block": "10.0.3.0/24",
            "customer_owned_ipv4_pool": "",
            "enable_dns64": false,
            "enable_lni_at_device_index": 0,
            "enable_resource_name_dns_a_record_on_launch": false,
            "enable_resource_name_dns_aaaa_record_on_launch": false,
            "id": "subnet-0b986c6afebeb4fc3",
            "ipv6_cidr_block": "",
            "ipv6_cidr_block_association_id": "",
            "ipv6_native": false,
            "map_customer_owned_ip_on_launch": false,
            "map_public_ip_on_launch": false,
            "outpost_arn": "",
            "owner_id": "355366859850",
            "private_dns_hostname_type_on_launch": "ip-name",
            "tags": {
              "Name": "subnet_wordpress_private_01"
            },
            "tags_all": {
              "Architect": "Luiz Carlos Rodrigues",
              "Company": "Acme Corporation",
              "Environment": "Development",
              "Name": "subnet_wordpress_private_01",
              "Owner": "AWS Especializacao",
              "Project": "Project_01 WordPress AWS Migration"
            },
            "timeouts": null,
            "vpc_id": "vpc-02ade7f66aa16cc4d"
          },
          "sensitive_attributes": [],
          "identity_schema_version": 0,
          "private": "eyJlMmJmYjczMC1lY2FhLTExZTYtOGY4OC0zNDM2M2JjN2M0YzAiOnsiY3JlYXRlIjo2MDAwMDAwMDAwMDAsImRlbGV0ZSI6MTIwMDAwMDAwMDAwMH0sInNjaGVtYV92ZXJzaW9uIjoiMSJ9",
          "dependencies": [
            "aws_vpc.vpc_wordpress"
          ]
        }
      ]
    },
    {
      "mode": "managed",
      "type": "aws_subnet",
      "name": "subnet_wordpress_private_02",
      "provider": "provider[\"registry.terraform.io/hashicorp/aws\"]",
      "instances": [
        {
          "schema_version": 1,
          "attributes": {
            "arn": "arn:aws:ec2:us-east-1:355366859850:subnet/subnet-074eae42ef7582293",
            "assign_ipv6_address_on_creation": false,
            "availability_zone": "us-east-1b",
            "availability_zone_id": "use1-az4",
            "cidr_block": "10.0.4.0/24",
            "customer_owned_ipv4_pool": "",
            "enable_dns64": false,
            "enable_lni_at_device_index": 0,
            "enable_resource_name_dns_a_record_on_launch": false,
            "enable_resource_name_dns_aaaa_record_on_launch": false,
            "id": "subnet-074eae42ef7582293",
            "ipv6_cidr_block": "",
            "ipv6_cidr_block_association_id": "",
            "ipv6_native": false,
            "map_customer_owned_ip_on_launch": false,
            "map_public_ip_on_launch": false,
            "outpost_arn": "",
            "owner_id": "355366859850",
            "private_dns_hostname_type_on_launch": "ip-name",
            "tags": {
              "Name": "subnet_wordpress_private_02"
            },
            "tags_all": {
              "Architect": "Luiz Carlos Rodrigues",
              "Company": "Acme Corporation",
              "Environment": "Development",
              "Name": "subnet_wordpress_private_02",
              "Owner": "AWS Especializacao",
              "Project": "Project_01 WordPress AWS Migration"
            },
            "timeouts": null,
            "vpc_id": "vpc-02ade7f66aa16cc4d"
          },
          "sensitive_attributes": [],
          "identity_schema_version": 0,
          "private": "eyJlMmJmYjczMC1lY2FhLTExZTYtOGY4OC0zNDM2M2JjN2M0YzAiOnsiY3JlYXRlIjo2MDAwMDAwMDAwMDAsImRlbGV0ZSI6MTIwMDAwMDAwMDAwMH0sInNjaGVtYV92ZXJzaW9uIjoiMSJ9",
          "dependencies": [
            "aws_vpc.vpc_wordpress"
          ]
        }
      ]
    },
    {
      "mode": "managed",
      "type": "aws_subnet",
      "name": "subnet_wordpress_public_01",
      "provider": "provider[\"registry.terraform.io/hashicorp/aws\"]",
      "instances": [
        {
          "schema_version": 1,
          "attributes": {
            "arn": "arn:aws:ec2:us-east-1:355366859850:subnet/subnet-0145ee10eb6762b2a",
            "assign_ipv6_address_on_creation": false,
            "availability_zone": "us-east-1a",
            "availability_zone_id": "use1-az2",
            "cidr_block": "10.0.1.0/24",
            "customer_owned_ipv4_pool": "",
            "enable_dns64": false,
            "enable_lni_at_device_index": 0,
            "enable_resource_name_dns_a_record_on_launch": false,
            "enable_resource_name_dns_aaaa_record_on_launch": false,
            "id": "subnet-0145ee10eb6762b2a",
            "ipv6_cidr_block": "",
            "ipv6_cidr_block_association_id": "",
            "ipv6_native": false,
            "map_customer_owned_ip_on_launch": false,
            "map_public_ip_on_launch": false,
            "outpost_arn": "",
            "owner_id": "355366859850",
            "private_dns_hostname_type_on_launch": "ip-name",
            "tags": {
              "Name": "subnet_wordpress_public_01"
            },
            "tags_all": {
              "Architect": "Luiz Carlos Rodrigues",
              "Company": "Acme Corporation",
              "Environment": "Development",
              "Name": "subnet_wordpress_public_01",
              "Owner": "AWS Especializacao",
              "Project": "Project_01 WordPress AWS Migration"
            },
            "timeouts": null,
            "vpc_id": "vpc-02ade7f66aa16cc4d"
          },
          "sensitive_attributes": [],
          "identity_schema_version": 0,
          "private": "eyJlMmJmYjczMC1lY2FhLTExZTYtOGY4OC0zNDM2M2JjN2M0YzAiOnsiY3JlYXRlIjo2MDAwMDAwMDAwMDAsImRlbGV0ZSI6MTIwMDAwMDAwMDAwMH0sInNjaGVtYV92ZXJzaW9uIjoiMSJ9",
          "dependencies": [
            "aws_vpc.vpc_wordpress"
          ]
        }
      ]
    },
    {
      "mode": "managed",
      "type": "aws_subnet",
      "name": "subnet_wordpress_public_02",
      "provider": "provider[\"registry.terraform.io/hashicorp/aws\"]",
      "instances": [
        {
          "schema_version": 1,
          "attributes": {
            "arn": "arn:aws:ec2:us-east-1:355366859850:subnet/subnet-0df247d48eb119ace",
            "assign_ipv6_address_on_creation": false,
            "availability_zone": "us-east-1b",
            "availability_zone_id": "use1-az4",
            "cidr_block": "10.0.2.0/24",
            "customer_owned_ipv4_pool": "",
            "enable_dns64": false,
            "enable_lni_at_device_index": 0,
            "enable_resource_name_dns_a_record_on_launch": false,
            "enable_resource_name_dns_aaaa_record_on_launch": false,
            "id": "subnet-0df247d48eb119ace",
            "ipv6_cidr_block": "",
            "ipv6_cidr_block_association_id": "",
            "ipv6_native": false,
            "map_customer_owned_ip_on_launch": false,
            "map_public_ip_on_launch": false,
            "outpost_arn": "",
            "owner_id": "355366859850",
            "private_dns_hostname_type_on_launch": "ip-name",
            "tags": {
              "Name": "subnet_wordpress_public_02"
            },
            "tags_all": {
              "Architect": "Luiz Carlos Rodrigues",
              "Company": "Acme Corporation",
              "Environment": "Development",
              "Name": "subnet_wordpress_public_02",
              "Owner": "AWS Especializacao",
              "Project": "Project_01 WordPress AWS Migration"
            },
            "timeouts": null,
            "vpc_id": "vpc-02ade7f66aa16cc4d"
          },
          "sensitive_attributes": [],
          "identity_schema_version": 0,
          "private": "eyJlMmJmYjczMC1lY2FhLTExZTYtOGY4OC0zNDM2M2JjN2M0YzAiOnsiY3JlYXRlIjo2MDAwMDAwMDAwMDAsImRlbGV0ZSI6MTIwMDAwMDAwMDAwMH0sInNjaGVtYV92ZXJzaW9uIjoiMSJ9",
          "dependencies": [
            "aws_vpc.vpc_wordpress"
          ]
        }
      ]
    },
    {
      "mode": "managed",
      "type": "aws_vpc",
      "name": "vpc_wordpress",
      "provider": "provider[\"registry.terraform.io/hashicorp/aws\"]",
      "instances": [
        {
          "schema_version": 1,
          "attributes": {
            "arn": "arn:aws:ec2:us-east-1:355366859850:vpc/vpc-02ade7f66aa16cc4d",
            "assign_generated_ipv6_cidr_block": false,
            "cidr_block": "10.0.0.0/16",
            "default_network_acl_id": "acl-0a217c87c91c3cc04",
            "default_route_table_id": "rtb-09bb24d23ffa471e3",
            "default_security_group_id": "sg-04f8d1b2b2c58b9ff",
            "dhcp_options_id": "dopt-0df028d5e07c8099c",
            "enable_dns_hostnames": true,
            "enable_dns_support": true,
            "enable_network_address_usage_metrics": false,
            "id": "vpc-02ade7f66aa16cc4d",
            "instance_tenancy": "default",
            "ipv4_ipam_pool_id": null,
            "ipv4_netmask_length": null,
            "ipv6_association_id": "",
            "ipv6_cidr_block": "",
            "ipv6_cidr_block_network_border_group": "",
            "ipv6_ipam_pool_id": "",
            "ipv6_netmask_length": 0,
            "main_route_table_id": "rtb-09bb24d23ffa471e3",
            "owner_id": "355366859850",
            "tags": {
              "Name": "VPC Wordpress"
            },
            "tags_all": {
              "Architect": "Luiz Carlos Rodrigues",
              "Company": "Acme Corporation",
              "Environment": "Development",
              "Name": "VPC Wordpress",
              "Owner": "AWS Especializacao",
              "Project": "Project_01 WordPress AWS Migration"
            }
          },
          "sensitive_attributes": [],
          "identity_schema_version": 0,
          "private": "eyJzY2hlbWFfdmVyc2lvbiI6IjEifQ=="
        }
      ]
    }
  ],
  "check_results": null
}
